// !$*UTF8*$!
{
	archiveVersion = 1;
	classes = {
	};
	objectVersion = 46;
	objects = {

/* Begin PBXBuildFile section */
		143D8CC220C5517F0056D908 /* PlatformSDK.cpp in Sources */ = {isa = PBXBuildFile; fileRef = 143D8CC020C5517F0056D908 /* PlatformSDK.cpp */; };
		143D8CC320C5517F0056D908 /* PlatformSDK.cpp in Sources */ = {isa = PBXBuildFile; fileRef = 143D8CC020C5517F0056D908 /* PlatformSDK.cpp */; };
		1472BBB51F8223AC00FF0B1B /* JSONManager.cpp in Sources */ = {isa = PBXBuildFile; fileRef = 1472BBB31F8223AC00FF0B1B /* JSONManager.cpp */; };
		1472BBB61F8223AC00FF0B1B /* JSONManager.cpp in Sources */ = {isa = PBXBuildFile; fileRef = 1472BBB31F8223AC00FF0B1B /* JSONManager.cpp */; };
		1472BBB91F8223C400FF0B1B /* Utils.cpp in Sources */ = {isa = PBXBuildFile; fileRef = 1472BBB71F8223C400FF0B1B /* Utils.cpp */; };
		1472BBBA1F8223C400FF0B1B /* Utils.cpp in Sources */ = {isa = PBXBuildFile; fileRef = 1472BBB71F8223C400FF0B1B /* Utils.cpp */; };
		14DCF31120BFA49F007193A2 /* common.c in Sources */ = {isa = PBXBuildFile; fileRef = 14DCF2FD20BFA49F007193A2 /* common.c */; };
		14DCF31220BFA49F007193A2 /* common.c in Sources */ = {isa = PBXBuildFile; fileRef = 14DCF2FD20BFA49F007193A2 /* common.c */; };
		14DCF31320BFA49F007193A2 /* dct64_i386.c in Sources */ = {isa = PBXBuildFile; fileRef = 14DCF2FF20BFA49F007193A2 /* dct64_i386.c */; };
		14DCF31420BFA49F007193A2 /* dct64_i386.c in Sources */ = {isa = PBXBuildFile; fileRef = 14DCF2FF20BFA49F007193A2 /* dct64_i386.c */; };
		14DCF31520BFA49F007193A2 /* decode_i386.c in Sources */ = {isa = PBXBuildFile; fileRef = 14DCF30120BFA49F007193A2 /* decode_i386.c */; };
		14DCF31620BFA49F007193A2 /* decode_i386.c in Sources */ = {isa = PBXBuildFile; fileRef = 14DCF30120BFA49F007193A2 /* decode_i386.c */; };
		14DCF31720BFA49F007193A2 /* interface.c in Sources */ = {isa = PBXBuildFile; fileRef = 14DCF30420BFA49F007193A2 /* interface.c */; };
		14DCF31820BFA49F007193A2 /* interface.c in Sources */ = {isa = PBXBuildFile; fileRef = 14DCF30420BFA49F007193A2 /* interface.c */; };
		14DCF31920BFA49F007193A2 /* layer1.c in Sources */ = {isa = PBXBuildFile; fileRef = 14DCF30720BFA49F007193A2 /* layer1.c */; };
		14DCF31A20BFA49F007193A2 /* layer1.c in Sources */ = {isa = PBXBuildFile; fileRef = 14DCF30720BFA49F007193A2 /* layer1.c */; };
		14DCF31B20BFA49F007193A2 /* layer2.c in Sources */ = {isa = PBXBuildFile; fileRef = 14DCF30920BFA49F007193A2 /* layer2.c */; };
		14DCF31C20BFA49F007193A2 /* layer2.c in Sources */ = {isa = PBXBuildFile; fileRef = 14DCF30920BFA49F007193A2 /* layer2.c */; };
		14DCF31D20BFA49F007193A2 /* layer3.c in Sources */ = {isa = PBXBuildFile; fileRef = 14DCF30B20BFA49F007193A2 /* layer3.c */; };
		14DCF31E20BFA49F007193A2 /* layer3.c in Sources */ = {isa = PBXBuildFile; fileRef = 14DCF30B20BFA49F007193A2 /* layer3.c */; };
		14DCF31F20BFA4A0007193A2 /* tabinit.c in Sources */ = {isa = PBXBuildFile; fileRef = 14DCF30F20BFA49F007193A2 /* tabinit.c */; };
		14DCF32020BFA4A0007193A2 /* tabinit.c in Sources */ = {isa = PBXBuildFile; fileRef = 14DCF30F20BFA49F007193A2 /* tabinit.c */; };
		14DCF39B20BFA4D4007193A2 /* bitstream.c in Sources */ = {isa = PBXBuildFile; fileRef = 14DCF37220BFA4D4007193A2 /* bitstream.c */; };
		14DCF39C20BFA4D4007193A2 /* bitstream.c in Sources */ = {isa = PBXBuildFile; fileRef = 14DCF37220BFA4D4007193A2 /* bitstream.c */; };
		14DCF39D20BFA4D4007193A2 /* encoder.c in Sources */ = {isa = PBXBuildFile; fileRef = 14DCF37420BFA4D4007193A2 /* encoder.c */; };
		14DCF39E20BFA4D4007193A2 /* encoder.c in Sources */ = {isa = PBXBuildFile; fileRef = 14DCF37420BFA4D4007193A2 /* encoder.c */; };
		14DCF39F20BFA4D4007193A2 /* fft.c in Sources */ = {isa = PBXBuildFile; fileRef = 14DCF37620BFA4D4007193A2 /* fft.c */; };
		14DCF3A020BFA4D4007193A2 /* fft.c in Sources */ = {isa = PBXBuildFile; fileRef = 14DCF37620BFA4D4007193A2 /* fft.c */; };
		14DCF3A120BFA4D4007193A2 /* gain_analysis.c in Sources */ = {isa = PBXBuildFile; fileRef = 14DCF37820BFA4D4007193A2 /* gain_analysis.c */; };
		14DCF3A220BFA4D4007193A2 /* gain_analysis.c in Sources */ = {isa = PBXBuildFile; fileRef = 14DCF37820BFA4D4007193A2 /* gain_analysis.c */; };
		14DCF3A320BFA4D4007193A2 /* id3tag.c in Sources */ = {isa = PBXBuildFile; fileRef = 14DCF37A20BFA4D4007193A2 /* id3tag.c */; };
		14DCF3A420BFA4D4007193A2 /* id3tag.c in Sources */ = {isa = PBXBuildFile; fileRef = 14DCF37A20BFA4D4007193A2 /* id3tag.c */; };
		14DCF3A520BFA4D4007193A2 /* lame.c in Sources */ = {isa = PBXBuildFile; fileRef = 14DCF37F20BFA4D4007193A2 /* lame.c */; };
		14DCF3A620BFA4D4007193A2 /* lame.c in Sources */ = {isa = PBXBuildFile; fileRef = 14DCF37F20BFA4D4007193A2 /* lame.c */; };
		14DCF3A720BFA4D4007193A2 /* mpglib_interface.c in Sources */ = {isa = PBXBuildFile; fileRef = 14DCF38220BFA4D4007193A2 /* mpglib_interface.c */; };
		14DCF3A820BFA4D4007193A2 /* mpglib_interface.c in Sources */ = {isa = PBXBuildFile; fileRef = 14DCF38220BFA4D4007193A2 /* mpglib_interface.c */; };
		14DCF3A920BFA4D4007193A2 /* newmdct.c in Sources */ = {isa = PBXBuildFile; fileRef = 14DCF38320BFA4D4007193A2 /* newmdct.c */; };
		14DCF3AA20BFA4D4007193A2 /* newmdct.c in Sources */ = {isa = PBXBuildFile; fileRef = 14DCF38320BFA4D4007193A2 /* newmdct.c */; };
		14DCF3AB20BFA4D4007193A2 /* presets.c in Sources */ = {isa = PBXBuildFile; fileRef = 14DCF38520BFA4D4007193A2 /* presets.c */; };
		14DCF3AC20BFA4D4007193A2 /* presets.c in Sources */ = {isa = PBXBuildFile; fileRef = 14DCF38520BFA4D4007193A2 /* presets.c */; };
		14DCF3AD20BFA4D4007193A2 /* psymodel.c in Sources */ = {isa = PBXBuildFile; fileRef = 14DCF38620BFA4D4007193A2 /* psymodel.c */; };
		14DCF3AE20BFA4D4007193A2 /* psymodel.c in Sources */ = {isa = PBXBuildFile; fileRef = 14DCF38620BFA4D4007193A2 /* psymodel.c */; };
		14DCF3AF20BFA4D4007193A2 /* quantize_pvt.c in Sources */ = {isa = PBXBuildFile; fileRef = 14DCF38820BFA4D4007193A2 /* quantize_pvt.c */; };
		14DCF3B020BFA4D4007193A2 /* quantize_pvt.c in Sources */ = {isa = PBXBuildFile; fileRef = 14DCF38820BFA4D4007193A2 /* quantize_pvt.c */; };
		14DCF3B120BFA4D4007193A2 /* quantize.c in Sources */ = {isa = PBXBuildFile; fileRef = 14DCF38A20BFA4D4007193A2 /* quantize.c */; };
		14DCF3B220BFA4D4007193A2 /* quantize.c in Sources */ = {isa = PBXBuildFile; fileRef = 14DCF38A20BFA4D4007193A2 /* quantize.c */; };
		14DCF3B320BFA4D4007193A2 /* reservoir.c in Sources */ = {isa = PBXBuildFile; fileRef = 14DCF38C20BFA4D4007193A2 /* reservoir.c */; };
		14DCF3B420BFA4D4007193A2 /* reservoir.c in Sources */ = {isa = PBXBuildFile; fileRef = 14DCF38C20BFA4D4007193A2 /* reservoir.c */; };
		14DCF3B520BFA4D4007193A2 /* set_get.c in Sources */ = {isa = PBXBuildFile; fileRef = 14DCF38E20BFA4D4007193A2 /* set_get.c */; };
		14DCF3B620BFA4D4007193A2 /* set_get.c in Sources */ = {isa = PBXBuildFile; fileRef = 14DCF38E20BFA4D4007193A2 /* set_get.c */; };
		14DCF3B720BFA4D4007193A2 /* tables.c in Sources */ = {isa = PBXBuildFile; fileRef = 14DCF39020BFA4D4007193A2 /* tables.c */; };
		14DCF3B820BFA4D4007193A2 /* tables.c in Sources */ = {isa = PBXBuildFile; fileRef = 14DCF39020BFA4D4007193A2 /* tables.c */; };
		14DCF3B920BFA4D4007193A2 /* takehiro.c in Sources */ = {isa = PBXBuildFile; fileRef = 14DCF39220BFA4D4007193A2 /* takehiro.c */; };
		14DCF3BA20BFA4D4007193A2 /* takehiro.c in Sources */ = {isa = PBXBuildFile; fileRef = 14DCF39220BFA4D4007193A2 /* takehiro.c */; };
		14DCF3BB20BFA4D4007193A2 /* util.c in Sources */ = {isa = PBXBuildFile; fileRef = 14DCF39320BFA4D4007193A2 /* util.c */; };
		14DCF3BC20BFA4D4007193A2 /* util.c in Sources */ = {isa = PBXBuildFile; fileRef = 14DCF39320BFA4D4007193A2 /* util.c */; };
		14DCF3BD20BFA4D4007193A2 /* vbrquantize.c in Sources */ = {isa = PBXBuildFile; fileRef = 14DCF39520BFA4D4007193A2 /* vbrquantize.c */; };
		14DCF3BE20BFA4D4007193A2 /* vbrquantize.c in Sources */ = {isa = PBXBuildFile; fileRef = 14DCF39520BFA4D4007193A2 /* vbrquantize.c */; };
		14DCF3BF20BFA4D4007193A2 /* VbrTag.c in Sources */ = {isa = PBXBuildFile; fileRef = 14DCF39720BFA4D4007193A2 /* VbrTag.c */; };
		14DCF3C020BFA4D4007193A2 /* VbrTag.c in Sources */ = {isa = PBXBuildFile; fileRef = 14DCF39720BFA4D4007193A2 /* VbrTag.c */; };
		14DCF3C120BFA4D4007193A2 /* version.c in Sources */ = {isa = PBXBuildFile; fileRef = 14DCF39920BFA4D4007193A2 /* version.c */; };
		14DCF3C220BFA4D4007193A2 /* version.c in Sources */ = {isa = PBXBuildFile; fileRef = 14DCF39920BFA4D4007193A2 /* version.c */; };
		14DCF3C620BFA66F007193A2 /* xmm_quantize_sub.c in Sources */ = {isa = PBXBuildFile; fileRef = 14DCF3C520BFA66F007193A2 /* xmm_quantize_sub.c */; };
		14DCF3C720BFA66F007193A2 /* xmm_quantize_sub.c in Sources */ = {isa = PBXBuildFile; fileRef = 14DCF3C520BFA66F007193A2 /* xmm_quantize_sub.c */; };
		14DCF3DB20BFF264007193A2 /* Audio.mm in Sources */ = {isa = PBXBuildFile; fileRef = 14DCF3DA20BFF264007193A2 /* Audio.mm */; };
		14EF82D41F83DE5400C25D68 /* package in Resources */ = {isa = PBXBuildFile; fileRef = 14EF82D31F83DE5400C25D68 /* package */; };
		15427CD3198F221400DC375D /* libcocos2d iOS.a in Frameworks */ = {isa = PBXBuildFile; fileRef = 15A8A4251834BDA200142BE0 /* libcocos2d iOS.a */; };
		15427CD5198F222200DC375D /* libluacocos2d iOS.a in Frameworks */ = {isa = PBXBuildFile; fileRef = 15427CD2198F220600DC375D /* libluacocos2d iOS.a */; };
		15427CEC198F24A600DC375D /* libluacocos2d Mac.a in Frameworks */ = {isa = PBXBuildFile; fileRef = 15427CC2198F220600DC375D /* libluacocos2d Mac.a */; };
		15427CEE198F24AF00DC375D /* libcocos2d Mac.a in Frameworks */ = {isa = PBXBuildFile; fileRef = 15A8A4171834BDA200142BE0 /* libcocos2d Mac.a */; };
		15A8A4491834C64F00142BE0 /* Icon-114.png in Resources */ = {isa = PBXBuildFile; fileRef = 5023810C17EBBCAC00990C9B /* Icon-114.png */; };
		15A8A4881834C90F00142BE0 /* libcurl.dylib in Frameworks */ = {isa = PBXBuildFile; fileRef = 15A8A4871834C90E00142BE0 /* libcurl.dylib */; };
		1AF4C403178663F200122817 /* libz.dylib in Frameworks */ = {isa = PBXBuildFile; fileRef = 1AF4C402178663F200122817 /* libz.dylib */; };
		294D0D721D0D572600F7F5D4 /* CoreText.framework in Frameworks */ = {isa = PBXBuildFile; fileRef = 294D0D711D0D572600F7F5D4 /* CoreText.framework */; };
		3EEEDB61197107C0006A9FF8 /* MediaPlayer.framework in Frameworks */ = {isa = PBXBuildFile; fileRef = 3EEEDB60197107C0006A9FF8 /* MediaPlayer.framework */; };
		5023811817EBBCAC00990C9B /* AppController.mm in Sources */ = {isa = PBXBuildFile; fileRef = 5023810817EBBCAC00990C9B /* AppController.mm */; };
		5023811917EBBCAC00990C9B /* Default-568h@2x.png in Resources */ = {isa = PBXBuildFile; fileRef = 5023810917EBBCAC00990C9B /* Default-568h@2x.png */; };
		5023811A17EBBCAC00990C9B /* Default.png in Resources */ = {isa = PBXBuildFile; fileRef = 5023810A17EBBCAC00990C9B /* Default.png */; };
		5023811B17EBBCAC00990C9B /* Default@2x.png in Resources */ = {isa = PBXBuildFile; fileRef = 5023810B17EBBCAC00990C9B /* Default@2x.png */; };
		5023811D17EBBCAC00990C9B /* Icon-120.png in Resources */ = {isa = PBXBuildFile; fileRef = 5023810D17EBBCAC00990C9B /* Icon-120.png */; };
		5023811E17EBBCAC00990C9B /* Icon-144.png in Resources */ = {isa = PBXBuildFile; fileRef = 5023810E17EBBCAC00990C9B /* Icon-144.png */; };
		5023811F17EBBCAC00990C9B /* Icon-152.png in Resources */ = {isa = PBXBuildFile; fileRef = 5023810F17EBBCAC00990C9B /* Icon-152.png */; };
		5023812017EBBCAC00990C9B /* Icon-57.png in Resources */ = {isa = PBXBuildFile; fileRef = 5023811017EBBCAC00990C9B /* Icon-57.png */; };
		5023812117EBBCAC00990C9B /* Icon-72.png in Resources */ = {isa = PBXBuildFile; fileRef = 5023811117EBBCAC00990C9B /* Icon-72.png */; };
		5023812217EBBCAC00990C9B /* Icon-76.png in Resources */ = {isa = PBXBuildFile; fileRef = 5023811217EBBCAC00990C9B /* Icon-76.png */; };
		5023812417EBBCAC00990C9B /* main.m in Sources */ = {isa = PBXBuildFile; fileRef = 5023811417EBBCAC00990C9B /* main.m */; };
		5023812517EBBCAC00990C9B /* RootViewController.mm in Sources */ = {isa = PBXBuildFile; fileRef = 5023811717EBBCAC00990C9B /* RootViewController.mm */; };
		5023813317EBBCE400990C9B /* AppDelegate.cpp in Sources */ = {isa = PBXBuildFile; fileRef = F293BB7E15EB831F00256477 /* AppDelegate.cpp */; };
		5023813717EBBCE400990C9B /* libz.dylib in Frameworks */ = {isa = PBXBuildFile; fileRef = 1AF4C402178663F200122817 /* libz.dylib */; };
		5023813E17EBBCE400990C9B /* QuartzCore.framework in Frameworks */ = {isa = PBXBuildFile; fileRef = F293B3CC15EB7BE500256477 /* QuartzCore.framework */; };
		5023814017EBBCE400990C9B /* OpenAL.framework in Frameworks */ = {isa = PBXBuildFile; fileRef = F293B3D015EB7BE500256477 /* OpenAL.framework */; };
		5023814117EBBCE400990C9B /* AudioToolbox.framework in Frameworks */ = {isa = PBXBuildFile; fileRef = F293B3D215EB7BE500256477 /* AudioToolbox.framework */; };
		5023814417EBBCE400990C9B /* Foundation.framework in Frameworks */ = {isa = PBXBuildFile; fileRef = F293B3D815EB7BE500256477 /* Foundation.framework */; };
		5023814517EBBCE400990C9B /* CoreGraphics.framework in Frameworks */ = {isa = PBXBuildFile; fileRef = F293B3DA15EB7BE500256477 /* CoreGraphics.framework */; };
		5023817617EBBE3400990C9B /* Icon.icns in Resources */ = {isa = PBXBuildFile; fileRef = 5023817217EBBE3400990C9B /* Icon.icns */; };
		5023817A17EBBE8300990C9B /* OpenGLES.framework in Frameworks */ = {isa = PBXBuildFile; fileRef = 5023817917EBBE8300990C9B /* OpenGLES.framework */; };
		50805AAF17EBBEAA004CFAD3 /* UIKit.framework in Frameworks */ = {isa = PBXBuildFile; fileRef = 50805AAE17EBBEAA004CFAD3 /* UIKit.framework */; };
		5091733617ECE17A00D62437 /* Icon-29.png in Resources */ = {isa = PBXBuildFile; fileRef = 5091733017ECE17A00D62437 /* Icon-29.png */; };
		5091733717ECE17A00D62437 /* Icon-40.png in Resources */ = {isa = PBXBuildFile; fileRef = 5091733117ECE17A00D62437 /* Icon-40.png */; };
		5091733817ECE17A00D62437 /* Icon-50.png in Resources */ = {isa = PBXBuildFile; fileRef = 5091733217ECE17A00D62437 /* Icon-50.png */; };
		5091733917ECE17A00D62437 /* Icon-58.png in Resources */ = {isa = PBXBuildFile; fileRef = 5091733317ECE17A00D62437 /* Icon-58.png */; };
		5091733A17ECE17A00D62437 /* Icon-80.png in Resources */ = {isa = PBXBuildFile; fileRef = 5091733417ECE17A00D62437 /* Icon-80.png */; };
		5091733B17ECE17A00D62437 /* Icon-100.png in Resources */ = {isa = PBXBuildFile; fileRef = 5091733517ECE17A00D62437 /* Icon-100.png */; };
		50D7C96C17EBBEDF005D0B91 /* OpenGL.framework in Frameworks */ = {isa = PBXBuildFile; fileRef = 50D7C96B17EBBEDF005D0B91 /* OpenGL.framework */; };
		50D7C96E17EBBEE6005D0B91 /* AppKit.framework in Frameworks */ = {isa = PBXBuildFile; fileRef = 50D7C96D17EBBEE6005D0B91 /* AppKit.framework */; };
		50D7C97017EBBEEC005D0B91 /* IOKit.framework in Frameworks */ = {isa = PBXBuildFile; fileRef = 50D7C96F17EBBEEC005D0B91 /* IOKit.framework */; };
		5200BECA1A53D9A500AC45E4 /* Security.framework in Frameworks */ = {isa = PBXBuildFile; fileRef = 5200BEC91A53D9A500AC45E4 /* Security.framework */; };
		521A8E7019F0C3D200D177D7 /* Default-667h@2x.png in Resources */ = {isa = PBXBuildFile; fileRef = 521A8E6E19F0C3D200D177D7 /* Default-667h@2x.png */; };
		521A8E7119F0C3D200D177D7 /* Default-736h@3x.png in Resources */ = {isa = PBXBuildFile; fileRef = 521A8E6F19F0C3D200D177D7 /* Default-736h@3x.png */; };
		982525A91F56629400054F71 /* lsha1.c in Sources */ = {isa = PBXBuildFile; fileRef = 982525A21F56629400054F71 /* lsha1.c */; };
		982525AA1F56629400054F71 /* lsha1.c in Sources */ = {isa = PBXBuildFile; fileRef = 982525A21F56629400054F71 /* lsha1.c */; };
		982525AB1F56629400054F71 /* lua-crypt.c in Sources */ = {isa = PBXBuildFile; fileRef = 982525A31F56629400054F71 /* lua-crypt.c */; };
		982525AC1F56629400054F71 /* lua-crypt.c in Sources */ = {isa = PBXBuildFile; fileRef = 982525A31F56629400054F71 /* lua-crypt.c */; };
		98362FF81F35E898004E8D29 /* libpbc Mac.a in Frameworks */ = {isa = PBXBuildFile; fileRef = 989F92881F35E7C70064AC64 /* libpbc Mac.a */; };
		98362FFB1F35E8A5004E8D29 /* libpbc iOS.a in Frameworks */ = {isa = PBXBuildFile; fileRef = 9895E7041F35D772003D2FE3 /* libpbc iOS.a */; };
		985358061F28958300B0250C /* md5.c in Sources */ = {isa = PBXBuildFile; fileRef = 985357FD1F28958300B0250C /* md5.c */; };
		985358071F28958300B0250C /* md5.c in Sources */ = {isa = PBXBuildFile; fileRef = 985357FD1F28958300B0250C /* md5.c */; };
		985358081F28958300B0250C /* md5lib.c in Sources */ = {isa = PBXBuildFile; fileRef = 985357FF1F28958300B0250C /* md5lib.c */; };
		985358091F28958300B0250C /* md5lib.c in Sources */ = {isa = PBXBuildFile; fileRef = 985357FF1F28958300B0250C /* md5lib.c */; };
		98DF410C1F1DF3A700E1BF12 /* bit.c in Sources */ = {isa = PBXBuildFile; fileRef = 98DF410B1F1DF3A700E1BF12 /* bit.c */; };
		98DF410D1F1DF3A700E1BF12 /* bit.c in Sources */ = {isa = PBXBuildFile; fileRef = 98DF410B1F1DF3A700E1BF12 /* bit.c */; };
		98DF42321F1E0E4D00E1BF12 /* pbc-lua.c in Sources */ = {isa = PBXBuildFile; fileRef = 98DF42311F1E0E4D00E1BF12 /* pbc-lua.c */; };
		98DF42331F1E0E4D00E1BF12 /* pbc-lua.c in Sources */ = {isa = PBXBuildFile; fileRef = 98DF42311F1E0E4D00E1BF12 /* pbc-lua.c */; };
		9FA3AE4E1BE9BCC900FC9645 /* CFNetwork.framework in Frameworks */ = {isa = PBXBuildFile; fileRef = 9FA3AE4D1BE9BCC900FC9645 /* CFNetwork.framework */; };
		9FF504841A5E87B100AFDA55 /* ConsoleWindow.xib in Resources */ = {isa = PBXBuildFile; fileRef = 9FF504811A5E87B100AFDA55 /* ConsoleWindow.xib */; };
		9FF504851A5E87B100AFDA55 /* ConsoleWindowController.m in Sources */ = {isa = PBXBuildFile; fileRef = 9FF504831A5E87B100AFDA55 /* ConsoleWindowController.m */; };
		9FF504861A5E881200AFDA55 /* libsimulator Mac.a in Frameworks */ = {isa = PBXBuildFile; fileRef = 9FF5047E1A5E86D600AFDA55 /* libsimulator Mac.a */; };
		9FF504871A5E88CE00AFDA55 /* libsimulator iOS.a in Frameworks */ = {isa = PBXBuildFile; fileRef = 9FF504801A5E86D600AFDA55 /* libsimulator iOS.a */; };
		9FFC07361A4A764100AED399 /* MainMenu.xib in Resources */ = {isa = PBXBuildFile; fileRef = 9FFC07341A4A764100AED399 /* MainMenu.xib */; };
		C03781BA18BF655400FE4F13 /* res in Resources */ = {isa = PBXBuildFile; fileRef = C03781B718BF655400FE4F13 /* res */; };
		C03781BC18BF655400FE4F13 /* src in Resources */ = {isa = PBXBuildFile; fileRef = C03781B818BF655400FE4F13 /* src */; };
		C05D1C121923449100B808A4 /* config.json in Resources */ = {isa = PBXBuildFile; fileRef = C05D1C111923449100B808A4 /* config.json */; };
		C05D1C131923449100B808A4 /* config.json in Resources */ = {isa = PBXBuildFile; fileRef = C05D1C111923449100B808A4 /* config.json */; };
		C07828F818B4D72E00BD2287 /* main.m in Sources */ = {isa = PBXBuildFile; fileRef = C07828F418B4D72E00BD2287 /* main.m */; };
		C07828FA18B4D72E00BD2287 /* SimulatorApp.mm in Sources */ = {isa = PBXBuildFile; fileRef = C07828F718B4D72E00BD2287 /* SimulatorApp.mm */; };
		D6B061351803AC000077942B /* CoreMotion.framework in Frameworks */ = {isa = PBXBuildFile; fileRef = D6B061341803AC000077942B /* CoreMotion.framework */; };
		DA9E7D881AB1ABCC004B27C8 /* Security.framework in Frameworks */ = {isa = PBXBuildFile; fileRef = DA9E7D871AB1ABCC004B27C8 /* Security.framework */; };
		ED545A891B68A23E00C3958E /* libiconv.dylib in Frameworks */ = {isa = PBXBuildFile; fileRef = ED545A881B68A23E00C3958E /* libiconv.dylib */; };
		ED545A8B1B68A24500C3958E /* libiconv.dylib in Frameworks */ = {isa = PBXBuildFile; fileRef = ED545A8A1B68A24500C3958E /* libiconv.dylib */; };
		F293B3CD15EB7BE500256477 /* QuartzCore.framework in Frameworks */ = {isa = PBXBuildFile; fileRef = F293B3CC15EB7BE500256477 /* QuartzCore.framework */; };
		F293B3D115EB7BE500256477 /* OpenAL.framework in Frameworks */ = {isa = PBXBuildFile; fileRef = F293B3D015EB7BE500256477 /* OpenAL.framework */; };
		F293B3D315EB7BE500256477 /* AudioToolbox.framework in Frameworks */ = {isa = PBXBuildFile; fileRef = F293B3D215EB7BE500256477 /* AudioToolbox.framework */; };
		F293B3D515EB7BE500256477 /* AVFoundation.framework in Frameworks */ = {isa = PBXBuildFile; fileRef = F293B3D415EB7BE500256477 /* AVFoundation.framework */; };
		F293B3D915EB7BE500256477 /* Foundation.framework in Frameworks */ = {isa = PBXBuildFile; fileRef = F293B3D815EB7BE500256477 /* Foundation.framework */; };
		F293B3DB15EB7BE500256477 /* CoreGraphics.framework in Frameworks */ = {isa = PBXBuildFile; fileRef = F293B3DA15EB7BE500256477 /* CoreGraphics.framework */; };
		F293BB9C15EB831F00256477 /* AppDelegate.cpp in Sources */ = {isa = PBXBuildFile; fileRef = F293BB7E15EB831F00256477 /* AppDelegate.cpp */; };
/* End PBXBuildFile section */

/* Begin PBXContainerItemProxy section */
		152A349E199CE72E004B68DC /* PBXContainerItemProxy */ = {
			isa = PBXContainerItemProxy;
			containerPortal = C03781AE18BF654500FE4F13 /* cocos2d_lua_bindings.xcodeproj */;
			proxyType = 1;
			remoteGlobalIDString = 15EFA59E198B2DAA000C57D3;
			remoteInfo = "libluacocos2d iOS";
		};
		152A34B8199CE758004B68DC /* PBXContainerItemProxy */ = {
			isa = PBXContainerItemProxy;
			containerPortal = C03781AE18BF654500FE4F13 /* cocos2d_lua_bindings.xcodeproj */;
			proxyType = 1;
			remoteGlobalIDString = 15C1C255198748D200A46ACC;
			remoteInfo = "libluacocos2d Mac";
		};
		15427CC1198F220600DC375D /* PBXContainerItemProxy */ = {
			isa = PBXContainerItemProxy;
			containerPortal = C03781AE18BF654500FE4F13 /* cocos2d_lua_bindings.xcodeproj */;
			proxyType = 2;
			remoteGlobalIDString = 15C1C2CC198748D200A46ACC;
			remoteInfo = "libluacocos2d Mac";
		};
		15427CD1198F220600DC375D /* PBXContainerItemProxy */ = {
			isa = PBXContainerItemProxy;
			containerPortal = C03781AE18BF654500FE4F13 /* cocos2d_lua_bindings.xcodeproj */;
			proxyType = 2;
			remoteGlobalIDString = 15EFA616198B2DAA000C57D3;
			remoteInfo = "libluacocos2d iOS";
		};
		15A8A4161834BDA200142BE0 /* PBXContainerItemProxy */ = {
			isa = PBXContainerItemProxy;
			containerPortal = 15A8A4031834BDA200142BE0 /* cocos2d_libs.xcodeproj */;
			proxyType = 2;
			remoteGlobalIDString = 1551A33F158F2AB200E66CFE;
			remoteInfo = "cocos2dx Mac";
		};
		15A8A4241834BDA200142BE0 /* PBXContainerItemProxy */ = {
			isa = PBXContainerItemProxy;
			containerPortal = 15A8A4031834BDA200142BE0 /* cocos2d_libs.xcodeproj */;
			proxyType = 2;
			remoteGlobalIDString = A07A4D641783777C0073F6A7;
			remoteInfo = "cocos2dx iOS";
		};
		15D1F3081994BBCA00302043 /* PBXContainerItemProxy */ = {
			isa = PBXContainerItemProxy;
			containerPortal = 15A8A4031834BDA200142BE0 /* cocos2d_libs.xcodeproj */;
			proxyType = 1;
			remoteGlobalIDString = A07A4C241783777C0073F6A7;
			remoteInfo = "libcocos2d iOS";
		};
		98362FFC1F35E8B4004E8D29 /* PBXContainerItemProxy */ = {
			isa = PBXContainerItemProxy;
			containerPortal = 9895E6FF1F35D771003D2FE3 /* pbc.xcodeproj */;
			proxyType = 1;
			remoteGlobalIDString = 983630011F35EC4D004E8D29;
			remoteInfo = "pbc Mac";
		};
		9895E7031F35D772003D2FE3 /* PBXContainerItemProxy */ = {
			isa = PBXContainerItemProxy;
			containerPortal = 9895E6FF1F35D771003D2FE3 /* pbc.xcodeproj */;
			proxyType = 2;
			remoteGlobalIDString = D7EF1334179E5530002B6A46;
			remoteInfo = pbc;
		};
		9895E7071F35D7E7003D2FE3 /* PBXContainerItemProxy */ = {
			isa = PBXContainerItemProxy;
			containerPortal = 9895E6FF1F35D771003D2FE3 /* pbc.xcodeproj */;
			proxyType = 1;
			remoteGlobalIDString = D7EF1333179E5530002B6A46;
			remoteInfo = pbc;
		};
		989F92871F35E7C70064AC64 /* PBXContainerItemProxy */ = {
			isa = PBXContainerItemProxy;
			containerPortal = 9895E6FF1F35D771003D2FE3 /* pbc.xcodeproj */;
			proxyType = 2;
			remoteGlobalIDString = 989F92851F35E7880064AC64;
			remoteInfo = "pbc Mac";
		};
		98DF41051F1DF39700E1BF12 /* PBXContainerItemProxy */ = {
			isa = PBXContainerItemProxy;
			containerPortal = 15A8A4031834BDA200142BE0 /* cocos2d_libs.xcodeproj */;
			proxyType = 2;
			remoteGlobalIDString = 507B40FD1C31BDD30067B53E;
			remoteInfo = "libcocos2d tvOS";
		};
		98DF41081F1DF39700E1BF12 /* PBXContainerItemProxy */ = {
			isa = PBXContainerItemProxy;
			containerPortal = C03781AE18BF654500FE4F13 /* cocos2d_lua_bindings.xcodeproj */;
			proxyType = 2;
			remoteGlobalIDString = 507B43531C31FA0C0067B53E;
			remoteInfo = "libluacocos2d tvOS";
		};
		9FEE0E431A5FC95000FEA1B0 /* PBXContainerItemProxy */ = {
			isa = PBXContainerItemProxy;
			containerPortal = 9FF504781A5E86D600AFDA55 /* libsimulator.xcodeproj */;
			proxyType = 1;
			remoteGlobalIDString = 9F7214341A5C271F00DAED06;
			remoteInfo = libsimulator;
		};
		9FF5047D1A5E86D600AFDA55 /* PBXContainerItemProxy */ = {
			isa = PBXContainerItemProxy;
			containerPortal = 9FF504781A5E86D600AFDA55 /* libsimulator.xcodeproj */;
			proxyType = 2;
			remoteGlobalIDString = 9F7214351A5C271F00DAED06;
			remoteInfo = libsimulator;
		};
		9FF5047F1A5E86D600AFDA55 /* PBXContainerItemProxy */ = {
			isa = PBXContainerItemProxy;
			containerPortal = 9FF504781A5E86D600AFDA55 /* libsimulator.xcodeproj */;
			proxyType = 2;
			remoteGlobalIDString = 9F7214851A5C28BA00DAED06;
			remoteInfo = libsimulator_iOS;
		};
		9FF504881A5E8B4C00AFDA55 /* PBXContainerItemProxy */ = {
			isa = PBXContainerItemProxy;
			containerPortal = 9FF504781A5E86D600AFDA55 /* libsimulator.xcodeproj */;
			proxyType = 1;
			remoteGlobalIDString = 9F7214841A5C28BA00DAED06;
			remoteInfo = libsimulator_iOS;
		};
		C0A2F04018975FF80072A7AB /* PBXContainerItemProxy */ = {
			isa = PBXContainerItemProxy;
			containerPortal = 15A8A4031834BDA200142BE0 /* cocos2d_libs.xcodeproj */;
			proxyType = 1;
			remoteGlobalIDString = 1551A33E158F2AB200E66CFE;
			remoteInfo = "cocos2dx Mac";
		};
/* End PBXContainerItemProxy section */

/* Begin PBXFileReference section */
		143D8CC020C5517F0056D908 /* PlatformSDK.cpp */ = {isa = PBXFileReference; fileEncoding = 4; lastKnownFileType = sourcecode.cpp.cpp; name = PlatformSDK.cpp; path = ../Classes/common/PlatformSDK.cpp; sourceTree = "<group>"; };
		143D8CC120C5517F0056D908 /* PlatformSDK.h */ = {isa = PBXFileReference; fileEncoding = 4; lastKnownFileType = sourcecode.c.h; name = PlatformSDK.h; path = ../Classes/common/PlatformSDK.h; sourceTree = "<group>"; };
		1472BBB31F8223AC00FF0B1B /* JSONManager.cpp */ = {isa = PBXFileReference; fileEncoding = 4; lastKnownFileType = sourcecode.cpp.cpp; name = JSONManager.cpp; path = ../Classes/common/JSONManager.cpp; sourceTree = "<group>"; };
		1472BBB41F8223AC00FF0B1B /* JSONManager.h */ = {isa = PBXFileReference; fileEncoding = 4; lastKnownFileType = sourcecode.c.h; name = JSONManager.h; path = ../Classes/common/JSONManager.h; sourceTree = "<group>"; };
		1472BBB71F8223C400FF0B1B /* Utils.cpp */ = {isa = PBXFileReference; fileEncoding = 4; lastKnownFileType = sourcecode.cpp.cpp; name = Utils.cpp; path = ../Classes/common/Utils.cpp; sourceTree = "<group>"; };
		1472BBB81F8223C400FF0B1B /* Utils.h */ = {isa = PBXFileReference; fileEncoding = 4; lastKnownFileType = sourcecode.c.h; name = Utils.h; path = ../Classes/common/Utils.h; sourceTree = "<group>"; };
		14DCF2FD20BFA49F007193A2 /* common.c */ = {isa = PBXFileReference; fileEncoding = 4; lastKnownFileType = sourcecode.c.c; name = common.c; path = ../Classes/mpglib/common.c; sourceTree = "<group>"; };
		14DCF2FE20BFA49F007193A2 /* common.h */ = {isa = PBXFileReference; fileEncoding = 4; lastKnownFileType = sourcecode.c.h; name = common.h; path = ../Classes/mpglib/common.h; sourceTree = "<group>"; };
		14DCF2FF20BFA49F007193A2 /* dct64_i386.c */ = {isa = PBXFileReference; fileEncoding = 4; lastKnownFileType = sourcecode.c.c; name = dct64_i386.c; path = ../Classes/mpglib/dct64_i386.c; sourceTree = "<group>"; };
		14DCF30020BFA49F007193A2 /* dct64_i386.h */ = {isa = PBXFileReference; fileEncoding = 4; lastKnownFileType = sourcecode.c.h; name = dct64_i386.h; path = ../Classes/mpglib/dct64_i386.h; sourceTree = "<group>"; };
		14DCF30120BFA49F007193A2 /* decode_i386.c */ = {isa = PBXFileReference; fileEncoding = 4; lastKnownFileType = sourcecode.c.c; name = decode_i386.c; path = ../Classes/mpglib/decode_i386.c; sourceTree = "<group>"; };
		14DCF30220BFA49F007193A2 /* decode_i386.h */ = {isa = PBXFileReference; fileEncoding = 4; lastKnownFileType = sourcecode.c.h; name = decode_i386.h; path = ../Classes/mpglib/decode_i386.h; sourceTree = "<group>"; };
		14DCF30320BFA49F007193A2 /* huffman.h */ = {isa = PBXFileReference; fileEncoding = 4; lastKnownFileType = sourcecode.c.h; name = huffman.h; path = ../Classes/mpglib/huffman.h; sourceTree = "<group>"; };
		14DCF30420BFA49F007193A2 /* interface.c */ = {isa = PBXFileReference; fileEncoding = 4; lastKnownFileType = sourcecode.c.c; name = interface.c; path = ../Classes/mpglib/interface.c; sourceTree = "<group>"; };
		14DCF30520BFA49F007193A2 /* interface.h */ = {isa = PBXFileReference; fileEncoding = 4; lastKnownFileType = sourcecode.c.h; name = interface.h; path = ../Classes/mpglib/interface.h; sourceTree = "<group>"; };
		14DCF30620BFA49F007193A2 /* l2tables.h */ = {isa = PBXFileReference; fileEncoding = 4; lastKnownFileType = sourcecode.c.h; name = l2tables.h; path = ../Classes/mpglib/l2tables.h; sourceTree = "<group>"; };
		14DCF30720BFA49F007193A2 /* layer1.c */ = {isa = PBXFileReference; fileEncoding = 4; lastKnownFileType = sourcecode.c.c; name = layer1.c; path = ../Classes/mpglib/layer1.c; sourceTree = "<group>"; };
		14DCF30820BFA49F007193A2 /* layer1.h */ = {isa = PBXFileReference; fileEncoding = 4; lastKnownFileType = sourcecode.c.h; name = layer1.h; path = ../Classes/mpglib/layer1.h; sourceTree = "<group>"; };
		14DCF30920BFA49F007193A2 /* layer2.c */ = {isa = PBXFileReference; fileEncoding = 4; lastKnownFileType = sourcecode.c.c; name = layer2.c; path = ../Classes/mpglib/layer2.c; sourceTree = "<group>"; };
		14DCF30A20BFA49F007193A2 /* layer2.h */ = {isa = PBXFileReference; fileEncoding = 4; lastKnownFileType = sourcecode.c.h; name = layer2.h; path = ../Classes/mpglib/layer2.h; sourceTree = "<group>"; };
		14DCF30B20BFA49F007193A2 /* layer3.c */ = {isa = PBXFileReference; fileEncoding = 4; lastKnownFileType = sourcecode.c.c; name = layer3.c; path = ../Classes/mpglib/layer3.c; sourceTree = "<group>"; };
		14DCF30C20BFA49F007193A2 /* layer3.h */ = {isa = PBXFileReference; fileEncoding = 4; lastKnownFileType = sourcecode.c.h; name = layer3.h; path = ../Classes/mpglib/layer3.h; sourceTree = "<group>"; };
		14DCF30D20BFA49F007193A2 /* mpg123.h */ = {isa = PBXFileReference; fileEncoding = 4; lastKnownFileType = sourcecode.c.h; name = mpg123.h; path = ../Classes/mpglib/mpg123.h; sourceTree = "<group>"; };
		14DCF30E20BFA49F007193A2 /* mpglib.h */ = {isa = PBXFileReference; fileEncoding = 4; lastKnownFileType = sourcecode.c.h; name = mpglib.h; path = ../Classes/mpglib/mpglib.h; sourceTree = "<group>"; };
		14DCF30F20BFA49F007193A2 /* tabinit.c */ = {isa = PBXFileReference; fileEncoding = 4; lastKnownFileType = sourcecode.c.c; name = tabinit.c; path = ../Classes/mpglib/tabinit.c; sourceTree = "<group>"; };
		14DCF31020BFA49F007193A2 /* tabinit.h */ = {isa = PBXFileReference; fileEncoding = 4; lastKnownFileType = sourcecode.c.h; name = tabinit.h; path = ../Classes/mpglib/tabinit.h; sourceTree = "<group>"; };
		14DCF37220BFA4D4007193A2 /* bitstream.c */ = {isa = PBXFileReference; fileEncoding = 4; lastKnownFileType = sourcecode.c.c; name = bitstream.c; path = ../Classes/libmp3lame/bitstream.c; sourceTree = "<group>"; };
		14DCF37320BFA4D4007193A2 /* bitstream.h */ = {isa = PBXFileReference; fileEncoding = 4; lastKnownFileType = sourcecode.c.h; name = bitstream.h; path = ../Classes/libmp3lame/bitstream.h; sourceTree = "<group>"; };
		14DCF37420BFA4D4007193A2 /* encoder.c */ = {isa = PBXFileReference; fileEncoding = 4; lastKnownFileType = sourcecode.c.c; name = encoder.c; path = ../Classes/libmp3lame/encoder.c; sourceTree = "<group>"; };
		14DCF37520BFA4D4007193A2 /* encoder.h */ = {isa = PBXFileReference; fileEncoding = 4; lastKnownFileType = sourcecode.c.h; name = encoder.h; path = ../Classes/libmp3lame/encoder.h; sourceTree = "<group>"; };
		14DCF37620BFA4D4007193A2 /* fft.c */ = {isa = PBXFileReference; fileEncoding = 4; lastKnownFileType = sourcecode.c.c; name = fft.c; path = ../Classes/libmp3lame/fft.c; sourceTree = "<group>"; };
		14DCF37720BFA4D4007193A2 /* fft.h */ = {isa = PBXFileReference; fileEncoding = 4; lastKnownFileType = sourcecode.c.h; name = fft.h; path = ../Classes/libmp3lame/fft.h; sourceTree = "<group>"; };
		14DCF37820BFA4D4007193A2 /* gain_analysis.c */ = {isa = PBXFileReference; fileEncoding = 4; lastKnownFileType = sourcecode.c.c; name = gain_analysis.c; path = ../Classes/libmp3lame/gain_analysis.c; sourceTree = "<group>"; };
		14DCF37920BFA4D4007193A2 /* gain_analysis.h */ = {isa = PBXFileReference; fileEncoding = 4; lastKnownFileType = sourcecode.c.h; name = gain_analysis.h; path = ../Classes/libmp3lame/gain_analysis.h; sourceTree = "<group>"; };
		14DCF37A20BFA4D4007193A2 /* id3tag.c */ = {isa = PBXFileReference; fileEncoding = 4; lastKnownFileType = sourcecode.c.c; name = id3tag.c; path = ../Classes/libmp3lame/id3tag.c; sourceTree = "<group>"; };
		14DCF37B20BFA4D4007193A2 /* id3tag.h */ = {isa = PBXFileReference; fileEncoding = 4; lastKnownFileType = sourcecode.c.h; name = id3tag.h; path = ../Classes/libmp3lame/id3tag.h; sourceTree = "<group>"; };
		14DCF37C20BFA4D4007193A2 /* l3side.h */ = {isa = PBXFileReference; fileEncoding = 4; lastKnownFileType = sourcecode.c.h; name = l3side.h; path = ../Classes/libmp3lame/l3side.h; sourceTree = "<group>"; };
		14DCF37D20BFA4D4007193A2 /* lame_global_flags.h */ = {isa = PBXFileReference; fileEncoding = 4; lastKnownFileType = sourcecode.c.h; name = lame_global_flags.h; path = ../Classes/libmp3lame/lame_global_flags.h; sourceTree = "<group>"; };
		14DCF37E20BFA4D4007193A2 /* lame-analysis.h */ = {isa = PBXFileReference; fileEncoding = 4; lastKnownFileType = sourcecode.c.h; name = "lame-analysis.h"; path = "../Classes/libmp3lame/lame-analysis.h"; sourceTree = "<group>"; };
		14DCF37F20BFA4D4007193A2 /* lame.c */ = {isa = PBXFileReference; fileEncoding = 4; lastKnownFileType = sourcecode.c.c; name = lame.c; path = ../Classes/libmp3lame/lame.c; sourceTree = "<group>"; };
		14DCF38020BFA4D4007193A2 /* lame.h */ = {isa = PBXFileReference; fileEncoding = 4; lastKnownFileType = sourcecode.c.h; name = lame.h; path = ../Classes/libmp3lame/lame.h; sourceTree = "<group>"; };
		14DCF38120BFA4D4007193A2 /* machine.h */ = {isa = PBXFileReference; fileEncoding = 4; lastKnownFileType = sourcecode.c.h; name = machine.h; path = ../Classes/libmp3lame/machine.h; sourceTree = "<group>"; };
		14DCF38220BFA4D4007193A2 /* mpglib_interface.c */ = {isa = PBXFileReference; fileEncoding = 4; lastKnownFileType = sourcecode.c.c; name = mpglib_interface.c; path = ../Classes/libmp3lame/mpglib_interface.c; sourceTree = "<group>"; };
		14DCF38320BFA4D4007193A2 /* newmdct.c */ = {isa = PBXFileReference; fileEncoding = 4; lastKnownFileType = sourcecode.c.c; name = newmdct.c; path = ../Classes/libmp3lame/newmdct.c; sourceTree = "<group>"; };
		14DCF38420BFA4D4007193A2 /* newmdct.h */ = {isa = PBXFileReference; fileEncoding = 4; lastKnownFileType = sourcecode.c.h; name = newmdct.h; path = ../Classes/libmp3lame/newmdct.h; sourceTree = "<group>"; };
		14DCF38520BFA4D4007193A2 /* presets.c */ = {isa = PBXFileReference; fileEncoding = 4; lastKnownFileType = sourcecode.c.c; name = presets.c; path = ../Classes/libmp3lame/presets.c; sourceTree = "<group>"; };
		14DCF38620BFA4D4007193A2 /* psymodel.c */ = {isa = PBXFileReference; fileEncoding = 4; lastKnownFileType = sourcecode.c.c; name = psymodel.c; path = ../Classes/libmp3lame/psymodel.c; sourceTree = "<group>"; };
		14DCF38720BFA4D4007193A2 /* psymodel.h */ = {isa = PBXFileReference; fileEncoding = 4; lastKnownFileType = sourcecode.c.h; name = psymodel.h; path = ../Classes/libmp3lame/psymodel.h; sourceTree = "<group>"; };
		14DCF38820BFA4D4007193A2 /* quantize_pvt.c */ = {isa = PBXFileReference; fileEncoding = 4; lastKnownFileType = sourcecode.c.c; name = quantize_pvt.c; path = ../Classes/libmp3lame/quantize_pvt.c; sourceTree = "<group>"; };
		14DCF38920BFA4D4007193A2 /* quantize_pvt.h */ = {isa = PBXFileReference; fileEncoding = 4; lastKnownFileType = sourcecode.c.h; name = quantize_pvt.h; path = ../Classes/libmp3lame/quantize_pvt.h; sourceTree = "<group>"; };
		14DCF38A20BFA4D4007193A2 /* quantize.c */ = {isa = PBXFileReference; fileEncoding = 4; lastKnownFileType = sourcecode.c.c; name = quantize.c; path = ../Classes/libmp3lame/quantize.c; sourceTree = "<group>"; };
		14DCF38B20BFA4D4007193A2 /* quantize.h */ = {isa = PBXFileReference; fileEncoding = 4; lastKnownFileType = sourcecode.c.h; name = quantize.h; path = ../Classes/libmp3lame/quantize.h; sourceTree = "<group>"; };
		14DCF38C20BFA4D4007193A2 /* reservoir.c */ = {isa = PBXFileReference; fileEncoding = 4; lastKnownFileType = sourcecode.c.c; name = reservoir.c; path = ../Classes/libmp3lame/reservoir.c; sourceTree = "<group>"; };
		14DCF38D20BFA4D4007193A2 /* reservoir.h */ = {isa = PBXFileReference; fileEncoding = 4; lastKnownFileType = sourcecode.c.h; name = reservoir.h; path = ../Classes/libmp3lame/reservoir.h; sourceTree = "<group>"; };
		14DCF38E20BFA4D4007193A2 /* set_get.c */ = {isa = PBXFileReference; fileEncoding = 4; lastKnownFileType = sourcecode.c.c; name = set_get.c; path = ../Classes/libmp3lame/set_get.c; sourceTree = "<group>"; };
		14DCF38F20BFA4D4007193A2 /* set_get.h */ = {isa = PBXFileReference; fileEncoding = 4; lastKnownFileType = sourcecode.c.h; name = set_get.h; path = ../Classes/libmp3lame/set_get.h; sourceTree = "<group>"; };
		14DCF39020BFA4D4007193A2 /* tables.c */ = {isa = PBXFileReference; fileEncoding = 4; lastKnownFileType = sourcecode.c.c; name = tables.c; path = ../Classes/libmp3lame/tables.c; sourceTree = "<group>"; };
		14DCF39120BFA4D4007193A2 /* tables.h */ = {isa = PBXFileReference; fileEncoding = 4; lastKnownFileType = sourcecode.c.h; name = tables.h; path = ../Classes/libmp3lame/tables.h; sourceTree = "<group>"; };
		14DCF39220BFA4D4007193A2 /* takehiro.c */ = {isa = PBXFileReference; fileEncoding = 4; lastKnownFileType = sourcecode.c.c; name = takehiro.c; path = ../Classes/libmp3lame/takehiro.c; sourceTree = "<group>"; };
		14DCF39320BFA4D4007193A2 /* util.c */ = {isa = PBXFileReference; fileEncoding = 4; lastKnownFileType = sourcecode.c.c; name = util.c; path = ../Classes/libmp3lame/util.c; sourceTree = "<group>"; };
		14DCF39420BFA4D4007193A2 /* util.h */ = {isa = PBXFileReference; fileEncoding = 4; lastKnownFileType = sourcecode.c.h; name = util.h; path = ../Classes/libmp3lame/util.h; sourceTree = "<group>"; };
		14DCF39520BFA4D4007193A2 /* vbrquantize.c */ = {isa = PBXFileReference; fileEncoding = 4; lastKnownFileType = sourcecode.c.c; name = vbrquantize.c; path = ../Classes/libmp3lame/vbrquantize.c; sourceTree = "<group>"; };
		14DCF39620BFA4D4007193A2 /* vbrquantize.h */ = {isa = PBXFileReference; fileEncoding = 4; lastKnownFileType = sourcecode.c.h; name = vbrquantize.h; path = ../Classes/libmp3lame/vbrquantize.h; sourceTree = "<group>"; };
		14DCF39720BFA4D4007193A2 /* VbrTag.c */ = {isa = PBXFileReference; fileEncoding = 4; lastKnownFileType = sourcecode.c.c; name = VbrTag.c; path = ../Classes/libmp3lame/VbrTag.c; sourceTree = "<group>"; };
		14DCF39820BFA4D4007193A2 /* VbrTag.h */ = {isa = PBXFileReference; fileEncoding = 4; lastKnownFileType = sourcecode.c.h; name = VbrTag.h; path = ../Classes/libmp3lame/VbrTag.h; sourceTree = "<group>"; };
		14DCF39920BFA4D4007193A2 /* version.c */ = {isa = PBXFileReference; fileEncoding = 4; lastKnownFileType = sourcecode.c.c; name = version.c; path = ../Classes/libmp3lame/version.c; sourceTree = "<group>"; };
		14DCF39A20BFA4D4007193A2 /* version.h */ = {isa = PBXFileReference; fileEncoding = 4; lastKnownFileType = sourcecode.c.h; name = version.h; path = ../Classes/libmp3lame/version.h; sourceTree = "<group>"; };
		14DCF3C420BFA66F007193A2 /* lame_intrin.h */ = {isa = PBXFileReference; fileEncoding = 4; lastKnownFileType = sourcecode.c.h; name = lame_intrin.h; path = ../Classes/libmp3lame/vector/lame_intrin.h; sourceTree = "<group>"; };
		14DCF3C520BFA66F007193A2 /* xmm_quantize_sub.c */ = {isa = PBXFileReference; fileEncoding = 4; lastKnownFileType = sourcecode.c.c; name = xmm_quantize_sub.c; path = ../Classes/libmp3lame/vector/xmm_quantize_sub.c; sourceTree = "<group>"; };
		14DCF3D920BFF264007193A2 /* Audio.h */ = {isa = PBXFileReference; fileEncoding = 4; lastKnownFileType = sourcecode.c.h; name = Audio.h; path = ../../Classes/common/Audio/ios/Audio.h; sourceTree = "<group>"; };
		14DCF3DA20BFF264007193A2 /* Audio.mm */ = {isa = PBXFileReference; fileEncoding = 4; lastKnownFileType = sourcecode.cpp.objcpp; name = Audio.mm; path = ../../Classes/common/Audio/ios/Audio.mm; sourceTree = "<group>"; };
		14EF82D31F83DE5400C25D68 /* package */ = {isa = PBXFileReference; lastKnownFileType = folder; name = package; path = ../../../package; sourceTree = "<group>"; };
		15427CE2198F237300DC375D /* lua_module_register.h */ = {isa = PBXFileReference; fileEncoding = 4; lastKnownFileType = sourcecode.c.h; name = lua_module_register.h; path = ../Classes/lua_module_register.h; sourceTree = "<group>"; };
		15A8A4031834BDA200142BE0 /* cocos2d_libs.xcodeproj */ = {isa = PBXFileReference; lastKnownFileType = "wrapper.pb-project"; name = cocos2d_libs.xcodeproj; path = "../../cocos2d-x/build/cocos2d_libs.xcodeproj"; sourceTree = "<group>"; };
		15A8A4871834C90E00142BE0 /* libcurl.dylib */ = {isa = PBXFileReference; lastKnownFileType = "compiled.mach-o.dylib"; name = libcurl.dylib; path = usr/lib/libcurl.dylib; sourceTree = SDKROOT; };
		15C1568D1683131500D239F2 /* libcurl.a */ = {isa = PBXFileReference; lastKnownFileType = archive.ar; name = libcurl.a; path = "../../cocos2d-x/cocos2dx/platform/third_party/ios/libraries/libcurl.a"; sourceTree = "<group>"; };
		1AF4C402178663F200122817 /* libz.dylib */ = {isa = PBXFileReference; lastKnownFileType = "compiled.mach-o.dylib"; name = libz.dylib; path = usr/lib/libz.dylib; sourceTree = SDKROOT; };
		294D0D711D0D572600F7F5D4 /* CoreText.framework */ = {isa = PBXFileReference; lastKnownFileType = wrapper.framework; name = CoreText.framework; path = Platforms/iPhoneOS.platform/Developer/SDKs/iPhoneOS9.3.sdk/System/Library/Frameworks/CoreText.framework; sourceTree = DEVELOPER_DIR; };
		3EEEDB60197107C0006A9FF8 /* MediaPlayer.framework */ = {isa = PBXFileReference; lastKnownFileType = wrapper.framework; name = MediaPlayer.framework; path = Platforms/iPhoneOS.platform/Developer/SDKs/iPhoneOS7.1.sdk/System/Library/Frameworks/MediaPlayer.framework; sourceTree = DEVELOPER_DIR; };
		5023810717EBBCAC00990C9B /* AppController.h */ = {isa = PBXFileReference; fileEncoding = 4; lastKnownFileType = sourcecode.c.h; path = AppController.h; sourceTree = "<group>"; };
		5023810817EBBCAC00990C9B /* AppController.mm */ = {isa = PBXFileReference; fileEncoding = 4; lastKnownFileType = sourcecode.cpp.objcpp; path = AppController.mm; sourceTree = "<group>"; };
		5023810917EBBCAC00990C9B /* Default-568h@2x.png */ = {isa = PBXFileReference; lastKnownFileType = image.png; path = "Default-568h@2x.png"; sourceTree = "<group>"; };
		5023810A17EBBCAC00990C9B /* Default.png */ = {isa = PBXFileReference; lastKnownFileType = image.png; path = Default.png; sourceTree = "<group>"; };
		5023810B17EBBCAC00990C9B /* Default@2x.png */ = {isa = PBXFileReference; lastKnownFileType = image.png; path = "Default@2x.png"; sourceTree = "<group>"; };
		5023810C17EBBCAC00990C9B /* Icon-114.png */ = {isa = PBXFileReference; lastKnownFileType = image.png; path = "Icon-114.png"; sourceTree = "<group>"; };
		5023810D17EBBCAC00990C9B /* Icon-120.png */ = {isa = PBXFileReference; lastKnownFileType = image.png; path = "Icon-120.png"; sourceTree = "<group>"; };
		5023810E17EBBCAC00990C9B /* Icon-144.png */ = {isa = PBXFileReference; lastKnownFileType = image.png; path = "Icon-144.png"; sourceTree = "<group>"; };
		5023810F17EBBCAC00990C9B /* Icon-152.png */ = {isa = PBXFileReference; lastKnownFileType = image.png; path = "Icon-152.png"; sourceTree = "<group>"; };
		5023811017EBBCAC00990C9B /* Icon-57.png */ = {isa = PBXFileReference; lastKnownFileType = image.png; path = "Icon-57.png"; sourceTree = "<group>"; };
		5023811117EBBCAC00990C9B /* Icon-72.png */ = {isa = PBXFileReference; lastKnownFileType = image.png; path = "Icon-72.png"; sourceTree = "<group>"; };
		5023811217EBBCAC00990C9B /* Icon-76.png */ = {isa = PBXFileReference; lastKnownFileType = image.png; path = "Icon-76.png"; sourceTree = "<group>"; };
		5023811317EBBCAC00990C9B /* Info.plist */ = {isa = PBXFileReference; fileEncoding = 4; lastKnownFileType = text.plist.xml; path = Info.plist; sourceTree = "<group>"; };
		5023811417EBBCAC00990C9B /* main.m */ = {isa = PBXFileReference; fileEncoding = 4; lastKnownFileType = sourcecode.c.objc; path = main.m; sourceTree = "<group>"; };
		5023811517EBBCAC00990C9B /* Prefix.pch */ = {isa = PBXFileReference; fileEncoding = 4; lastKnownFileType = sourcecode.c.h; path = Prefix.pch; sourceTree = "<group>"; };
		5023811617EBBCAC00990C9B /* RootViewController.h */ = {isa = PBXFileReference; fileEncoding = 4; lastKnownFileType = sourcecode.c.h; path = RootViewController.h; sourceTree = "<group>"; };
		5023811717EBBCAC00990C9B /* RootViewController.mm */ = {isa = PBXFileReference; fileEncoding = 4; lastKnownFileType = sourcecode.cpp.objcpp; path = RootViewController.mm; sourceTree = "<group>"; };
		5023816B17EBBCE400990C9B /* aam2_client-desktop.app */ = {isa = PBXFileReference; explicitFileType = wrapper.application; includeInIndex = 0; path = "aam2_client-desktop.app"; sourceTree = BUILT_PRODUCTS_DIR; };
		5023817217EBBE3400990C9B /* Icon.icns */ = {isa = PBXFileReference; lastKnownFileType = image.icns; path = Icon.icns; sourceTree = "<group>"; };
		5023817317EBBE3400990C9B /* Info.plist */ = {isa = PBXFileReference; fileEncoding = 4; lastKnownFileType = text.plist.xml; path = Info.plist; sourceTree = "<group>"; };
		5023817517EBBE3400990C9B /* Prefix.pch */ = {isa = PBXFileReference; fileEncoding = 4; lastKnownFileType = sourcecode.c.h; path = Prefix.pch; sourceTree = "<group>"; };
		5023817917EBBE8300990C9B /* OpenGLES.framework */ = {isa = PBXFileReference; lastKnownFileType = wrapper.framework; name = OpenGLES.framework; path = Platforms/iPhoneOS.platform/Developer/SDKs/iPhoneOS7.0.sdk/System/Library/Frameworks/OpenGLES.framework; sourceTree = DEVELOPER_DIR; };
		50805AAE17EBBEAA004CFAD3 /* UIKit.framework */ = {isa = PBXFileReference; lastKnownFileType = wrapper.framework; name = UIKit.framework; path = Platforms/iPhoneOS.platform/Developer/SDKs/iPhoneOS7.0.sdk/System/Library/Frameworks/UIKit.framework; sourceTree = DEVELOPER_DIR; };
		5091733017ECE17A00D62437 /* Icon-29.png */ = {isa = PBXFileReference; lastKnownFileType = image.png; path = "Icon-29.png"; sourceTree = "<group>"; };
		5091733117ECE17A00D62437 /* Icon-40.png */ = {isa = PBXFileReference; lastKnownFileType = image.png; path = "Icon-40.png"; sourceTree = "<group>"; };
		5091733217ECE17A00D62437 /* Icon-50.png */ = {isa = PBXFileReference; lastKnownFileType = image.png; path = "Icon-50.png"; sourceTree = "<group>"; };
		5091733317ECE17A00D62437 /* Icon-58.png */ = {isa = PBXFileReference; lastKnownFileType = image.png; path = "Icon-58.png"; sourceTree = "<group>"; };
		5091733417ECE17A00D62437 /* Icon-80.png */ = {isa = PBXFileReference; lastKnownFileType = image.png; path = "Icon-80.png"; sourceTree = "<group>"; };
		5091733517ECE17A00D62437 /* Icon-100.png */ = {isa = PBXFileReference; lastKnownFileType = image.png; path = "Icon-100.png"; sourceTree = "<group>"; };
		50D7C96B17EBBEDF005D0B91 /* OpenGL.framework */ = {isa = PBXFileReference; lastKnownFileType = wrapper.framework; name = OpenGL.framework; path = System/Library/Frameworks/OpenGL.framework; sourceTree = SDKROOT; };
		50D7C96D17EBBEE6005D0B91 /* AppKit.framework */ = {isa = PBXFileReference; lastKnownFileType = wrapper.framework; name = AppKit.framework; path = System/Library/Frameworks/AppKit.framework; sourceTree = SDKROOT; };
		50D7C96F17EBBEEC005D0B91 /* IOKit.framework */ = {isa = PBXFileReference; lastKnownFileType = wrapper.framework; name = IOKit.framework; path = System/Library/Frameworks/IOKit.framework; sourceTree = SDKROOT; };
		5200BEC91A53D9A500AC45E4 /* Security.framework */ = {isa = PBXFileReference; lastKnownFileType = wrapper.framework; name = Security.framework; path = Platforms/iPhoneOS.platform/Developer/SDKs/iPhoneOS8.1.sdk/System/Library/Frameworks/Security.framework; sourceTree = DEVELOPER_DIR; };
		521A8E6E19F0C3D200D177D7 /* Default-667h@2x.png */ = {isa = PBXFileReference; lastKnownFileType = image.png; path = "Default-667h@2x.png"; sourceTree = "<group>"; };
		521A8E6F19F0C3D200D177D7 /* Default-736h@3x.png */ = {isa = PBXFileReference; lastKnownFileType = image.png; path = "Default-736h@3x.png"; sourceTree = "<group>"; };
		982525A21F56629400054F71 /* lsha1.c */ = {isa = PBXFileReference; fileEncoding = 4; lastKnownFileType = sourcecode.c.c; path = lsha1.c; sourceTree = "<group>"; };
		982525A31F56629400054F71 /* lua-crypt.c */ = {isa = PBXFileReference; fileEncoding = 4; lastKnownFileType = sourcecode.c.c; path = "lua-crypt.c"; sourceTree = "<group>"; };
		985357FD1F28958300B0250C /* md5.c */ = {isa = PBXFileReference; fileEncoding = 4; lastKnownFileType = sourcecode.c.c; path = md5.c; sourceTree = "<group>"; };
		985357FE1F28958300B0250C /* md5.h */ = {isa = PBXFileReference; fileEncoding = 4; lastKnownFileType = sourcecode.c.h; path = md5.h; sourceTree = "<group>"; };
		985357FF1F28958300B0250C /* md5lib.c */ = {isa = PBXFileReference; fileEncoding = 4; lastKnownFileType = sourcecode.c.c; path = md5lib.c; sourceTree = "<group>"; };
		9895E6FF1F35D771003D2FE3 /* pbc.xcodeproj */ = {isa = PBXFileReference; lastKnownFileType = "wrapper.pb-project"; name = pbc.xcodeproj; path = ../../pbc/pbc.xcodeproj; sourceTree = "<group>"; };
		98DF410B1F1DF3A700E1BF12 /* bit.c */ = {isa = PBXFileReference; fileEncoding = 4; lastKnownFileType = sourcecode.c.c; path = bit.c; sourceTree = "<group>"; };
		98DF410E1F1DF3FC00E1BF12 /* lua_custom_register.h */ = {isa = PBXFileReference; fileEncoding = 4; lastKnownFileType = sourcecode.c.h; name = lua_custom_register.h; path = ../Classes/lua_custom_register.h; sourceTree = "<group>"; };
		98DF41191F1DF6BA00E1BF12 /* pbc.h */ = {isa = PBXFileReference; fileEncoding = 4; lastKnownFileType = sourcecode.c.h; path = pbc.h; sourceTree = "<group>"; };
		98DF42311F1E0E4D00E1BF12 /* pbc-lua.c */ = {isa = PBXFileReference; fileEncoding = 4; lastKnownFileType = sourcecode.c.c; path = "pbc-lua.c"; sourceTree = "<group>"; };
		9FA3AE4D1BE9BCC900FC9645 /* CFNetwork.framework */ = {isa = PBXFileReference; lastKnownFileType = wrapper.framework; name = CFNetwork.framework; path = Platforms/iPhoneOS.platform/Developer/SDKs/iPhoneOS8.0.sdk/System/Library/Frameworks/CFNetwork.framework; sourceTree = DEVELOPER_DIR; };
		9FF504781A5E86D600AFDA55 /* libsimulator.xcodeproj */ = {isa = PBXFileReference; lastKnownFileType = "wrapper.pb-project"; name = libsimulator.xcodeproj; path = "../../cocos2d-x/tools/simulator/libsimulator/proj.ios_mac/libsimulator.xcodeproj"; sourceTree = "<group>"; };
		9FF504811A5E87B100AFDA55 /* ConsoleWindow.xib */ = {isa = PBXFileReference; fileEncoding = 4; lastKnownFileType = file.xib; path = ConsoleWindow.xib; sourceTree = "<group>"; };
		9FF504821A5E87B100AFDA55 /* ConsoleWindowController.h */ = {isa = PBXFileReference; fileEncoding = 4; lastKnownFileType = sourcecode.c.h; path = ConsoleWindowController.h; sourceTree = "<group>"; };
		9FF504831A5E87B100AFDA55 /* ConsoleWindowController.m */ = {isa = PBXFileReference; fileEncoding = 4; lastKnownFileType = sourcecode.c.objc; path = ConsoleWindowController.m; sourceTree = "<group>"; };
		9FFC07351A4A764100AED399 /* Base */ = {isa = PBXFileReference; lastKnownFileType = file.xib; name = Base; path = Base.lproj/MainMenu.xib; sourceTree = "<group>"; };
		9FFC07371A4A765100AED399 /* zh-Hans */ = {isa = PBXFileReference; lastKnownFileType = file.xib; name = "zh-Hans"; path = "zh-Hans.lproj/MainMenu.xib"; sourceTree = "<group>"; };
		C03781AE18BF654500FE4F13 /* cocos2d_lua_bindings.xcodeproj */ = {isa = PBXFileReference; lastKnownFileType = "wrapper.pb-project"; name = cocos2d_lua_bindings.xcodeproj; path = "../../cocos2d-x/cocos/scripting/lua-bindings/proj.ios_mac/cocos2d_lua_bindings.xcodeproj"; sourceTree = "<group>"; };
		C03781B718BF655400FE4F13 /* res */ = {isa = PBXFileReference; lastKnownFileType = folder; name = res; path = ../../../res; sourceTree = "<group>"; };
		C03781B818BF655400FE4F13 /* src */ = {isa = PBXFileReference; lastKnownFileType = folder; name = src; path = ../../../src; sourceTree = "<group>"; };
		C05D1C111923449100B808A4 /* config.json */ = {isa = PBXFileReference; fileEncoding = 4; lastKnownFileType = text.json; name = config.json; path = ../../../config.json; sourceTree = "<group>"; };
		C07828F418B4D72E00BD2287 /* main.m */ = {isa = PBXFileReference; fileEncoding = 4; lastKnownFileType = sourcecode.c.objc; path = main.m; sourceTree = "<group>"; };
		C07828F618B4D72E00BD2287 /* SimulatorApp.h */ = {isa = PBXFileReference; fileEncoding = 4; lastKnownFileType = sourcecode.c.h; path = SimulatorApp.h; sourceTree = "<group>"; };
		C07828F718B4D72E00BD2287 /* SimulatorApp.mm */ = {isa = PBXFileReference; fileEncoding = 4; lastKnownFileType = sourcecode.cpp.objcpp; path = SimulatorApp.mm; sourceTree = "<group>"; };
		D6B061341803AC000077942B /* CoreMotion.framework */ = {isa = PBXFileReference; lastKnownFileType = wrapper.framework; name = CoreMotion.framework; path = Platforms/iPhoneOS.platform/Developer/SDKs/iPhoneOS7.0.sdk/System/Library/Frameworks/CoreMotion.framework; sourceTree = DEVELOPER_DIR; };
		DA9E7D871AB1ABCC004B27C8 /* Security.framework */ = {isa = PBXFileReference; lastKnownFileType = wrapper.framework; name = Security.framework; path = System/Library/Frameworks/Security.framework; sourceTree = SDKROOT; };
		ED545A881B68A23E00C3958E /* libiconv.dylib */ = {isa = PBXFileReference; lastKnownFileType = "compiled.mach-o.dylib"; name = libiconv.dylib; path = Platforms/iPhoneOS.platform/Developer/SDKs/iPhoneOS8.4.sdk/usr/lib/libiconv.dylib; sourceTree = DEVELOPER_DIR; };
		ED545A8A1B68A24500C3958E /* libiconv.dylib */ = {isa = PBXFileReference; lastKnownFileType = "compiled.mach-o.dylib"; name = libiconv.dylib; path = usr/lib/libiconv.dylib; sourceTree = SDKROOT; };
		F293B3C815EB7BE500256477 /* aam2_client-mobile.app */ = {isa = PBXFileReference; explicitFileType = wrapper.application; includeInIndex = 0; path = "aam2_client-mobile.app"; sourceTree = BUILT_PRODUCTS_DIR; };
		F293B3CC15EB7BE500256477 /* QuartzCore.framework */ = {isa = PBXFileReference; lastKnownFileType = wrapper.framework; name = QuartzCore.framework; path = System/Library/Frameworks/QuartzCore.framework; sourceTree = SDKROOT; };
		F293B3CE15EB7BE500256477 /* OpenGLES.framework */ = {isa = PBXFileReference; lastKnownFileType = wrapper.framework; name = OpenGLES.framework; path = System/Library/Frameworks/OpenGLES.framework; sourceTree = SDKROOT; };
		F293B3D015EB7BE500256477 /* OpenAL.framework */ = {isa = PBXFileReference; lastKnownFileType = wrapper.framework; name = OpenAL.framework; path = System/Library/Frameworks/OpenAL.framework; sourceTree = SDKROOT; };
		F293B3D215EB7BE500256477 /* AudioToolbox.framework */ = {isa = PBXFileReference; lastKnownFileType = wrapper.framework; name = AudioToolbox.framework; path = System/Library/Frameworks/AudioToolbox.framework; sourceTree = SDKROOT; };
		F293B3D415EB7BE500256477 /* AVFoundation.framework */ = {isa = PBXFileReference; lastKnownFileType = wrapper.framework; name = AVFoundation.framework; path = System/Library/Frameworks/AVFoundation.framework; sourceTree = SDKROOT; };
		F293B3D615EB7BE500256477 /* UIKit.framework */ = {isa = PBXFileReference; lastKnownFileType = wrapper.framework; name = UIKit.framework; path = System/Library/Frameworks/UIKit.framework; sourceTree = SDKROOT; };
		F293B3D815EB7BE500256477 /* Foundation.framework */ = {isa = PBXFileReference; lastKnownFileType = wrapper.framework; name = Foundation.framework; path = System/Library/Frameworks/Foundation.framework; sourceTree = SDKROOT; };
		F293B3DA15EB7BE500256477 /* CoreGraphics.framework */ = {isa = PBXFileReference; lastKnownFileType = wrapper.framework; name = CoreGraphics.framework; path = System/Library/Frameworks/CoreGraphics.framework; sourceTree = SDKROOT; };
		F293BB7E15EB831F00256477 /* AppDelegate.cpp */ = {isa = PBXFileReference; fileEncoding = 4; lastKnownFileType = sourcecode.cpp.cpp; name = AppDelegate.cpp; path = ../Classes/AppDelegate.cpp; sourceTree = "<group>"; };
		F293BB7F15EB831F00256477 /* AppDelegate.h */ = {isa = PBXFileReference; fileEncoding = 4; lastKnownFileType = sourcecode.c.h; name = AppDelegate.h; path = ../Classes/AppDelegate.h; sourceTree = "<group>"; };
/* End PBXFileReference section */

/* Begin PBXFrameworksBuildPhase section */
		5023813617EBBCE400990C9B /* Frameworks */ = {
			isa = PBXFrameworksBuildPhase;
			buildActionMask = 2147483647;
			files = (
				98362FF81F35E898004E8D29 /* libpbc Mac.a in Frameworks */,
				ED545A8B1B68A24500C3958E /* libiconv.dylib in Frameworks */,
				DA9E7D881AB1ABCC004B27C8 /* Security.framework in Frameworks */,
				9FF504861A5E881200AFDA55 /* libsimulator Mac.a in Frameworks */,
				15427CEE198F24AF00DC375D /* libcocos2d Mac.a in Frameworks */,
				15427CEC198F24A600DC375D /* libluacocos2d Mac.a in Frameworks */,
				15A8A4881834C90F00142BE0 /* libcurl.dylib in Frameworks */,
				50D7C97017EBBEEC005D0B91 /* IOKit.framework in Frameworks */,
				50D7C96E17EBBEE6005D0B91 /* AppKit.framework in Frameworks */,
				50D7C96C17EBBEDF005D0B91 /* OpenGL.framework in Frameworks */,
				5023813717EBBCE400990C9B /* libz.dylib in Frameworks */,
				5023813E17EBBCE400990C9B /* QuartzCore.framework in Frameworks */,
				5023814017EBBCE400990C9B /* OpenAL.framework in Frameworks */,
				5023814117EBBCE400990C9B /* AudioToolbox.framework in Frameworks */,
				5023814417EBBCE400990C9B /* Foundation.framework in Frameworks */,
				5023814517EBBCE400990C9B /* CoreGraphics.framework in Frameworks */,
			);
			runOnlyForDeploymentPostprocessing = 0;
		};
		F293B3C515EB7BE500256477 /* Frameworks */ = {
			isa = PBXFrameworksBuildPhase;
			buildActionMask = 2147483647;
			files = (
				98362FFB1F35E8A5004E8D29 /* libpbc iOS.a in Frameworks */,
				294D0D721D0D572600F7F5D4 /* CoreText.framework in Frameworks */,
				9FA3AE4E1BE9BCC900FC9645 /* CFNetwork.framework in Frameworks */,
				ED545A891B68A23E00C3958E /* libiconv.dylib in Frameworks */,
				9FF504871A5E88CE00AFDA55 /* libsimulator iOS.a in Frameworks */,
				5200BECA1A53D9A500AC45E4 /* Security.framework in Frameworks */,
				15427CD5198F222200DC375D /* libluacocos2d iOS.a in Frameworks */,
				15427CD3198F221400DC375D /* libcocos2d iOS.a in Frameworks */,
				3EEEDB61197107C0006A9FF8 /* MediaPlayer.framework in Frameworks */,
				D6B061351803AC000077942B /* CoreMotion.framework in Frameworks */,
				1AF4C403178663F200122817 /* libz.dylib in Frameworks */,
				50805AAF17EBBEAA004CFAD3 /* UIKit.framework in Frameworks */,
				5023817A17EBBE8300990C9B /* OpenGLES.framework in Frameworks */,
				F293B3CD15EB7BE500256477 /* QuartzCore.framework in Frameworks */,
				F293B3D115EB7BE500256477 /* OpenAL.framework in Frameworks */,
				F293B3D315EB7BE500256477 /* AudioToolbox.framework in Frameworks */,
				F293B3D515EB7BE500256477 /* AVFoundation.framework in Frameworks */,
				F293B3D915EB7BE500256477 /* Foundation.framework in Frameworks */,
				F293B3DB15EB7BE500256477 /* CoreGraphics.framework in Frameworks */,
			);
			runOnlyForDeploymentPostprocessing = 0;
		};
/* End PBXFrameworksBuildPhase section */

/* Begin PBXGroup section */
		1472BBA11F81404B00FF0B1B /* common */ = {
			isa = PBXGroup;
			children = (
				1472BBB31F8223AC00FF0B1B /* JSONManager.cpp */,
				1472BBB41F8223AC00FF0B1B /* JSONManager.h */,
				1472BBB71F8223C400FF0B1B /* Utils.cpp */,
				1472BBB81F8223C400FF0B1B /* Utils.h */,
				143D8CC020C5517F0056D908 /* PlatformSDK.cpp */,
				143D8CC120C5517F0056D908 /* PlatformSDK.h */,
			);
			name = common;
			sourceTree = "<group>";
		};
		14DCF2FC20BFA48F007193A2 /* mpglib */ = {
			isa = PBXGroup;
			children = (
				14DCF2FD20BFA49F007193A2 /* common.c */,
				14DCF2FE20BFA49F007193A2 /* common.h */,
				14DCF2FF20BFA49F007193A2 /* dct64_i386.c */,
				14DCF30020BFA49F007193A2 /* dct64_i386.h */,
				14DCF30120BFA49F007193A2 /* decode_i386.c */,
				14DCF30220BFA49F007193A2 /* decode_i386.h */,
				14DCF30320BFA49F007193A2 /* huffman.h */,
				14DCF30420BFA49F007193A2 /* interface.c */,
				14DCF30520BFA49F007193A2 /* interface.h */,
				14DCF30620BFA49F007193A2 /* l2tables.h */,
				14DCF30720BFA49F007193A2 /* layer1.c */,
				14DCF30820BFA49F007193A2 /* layer1.h */,
				14DCF30920BFA49F007193A2 /* layer2.c */,
				14DCF30A20BFA49F007193A2 /* layer2.h */,
				14DCF30B20BFA49F007193A2 /* layer3.c */,
				14DCF30C20BFA49F007193A2 /* layer3.h */,
				14DCF30D20BFA49F007193A2 /* mpg123.h */,
				14DCF30E20BFA49F007193A2 /* mpglib.h */,
				14DCF30F20BFA49F007193A2 /* tabinit.c */,
				14DCF31020BFA49F007193A2 /* tabinit.h */,
			);
			name = mpglib;
			sourceTree = "<group>";
		};
		14DCF3C320BFA665007193A2 /* vector */ = {
			isa = PBXGroup;
			children = (
				14DCF3C420BFA66F007193A2 /* lame_intrin.h */,
				14DCF3C520BFA66F007193A2 /* xmm_quantize_sub.c */,
			);
			name = vector;
			sourceTree = "<group>";
		};
		14DCF3D420BFF1F6007193A2 /* common */ = {
			isa = PBXGroup;
			children = (
				14DCF3D920BFF264007193A2 /* Audio.h */,
				14DCF3DA20BFF264007193A2 /* Audio.mm */,
			);
			name = common;
			sourceTree = "<group>";
		};
		14F2B8ED20BF943700DD119C /* libmp3lame */ = {
			isa = PBXGroup;
			children = (
				14DCF3C320BFA665007193A2 /* vector */,
				14DCF37220BFA4D4007193A2 /* bitstream.c */,
				14DCF37320BFA4D4007193A2 /* bitstream.h */,
				14DCF37420BFA4D4007193A2 /* encoder.c */,
				14DCF37520BFA4D4007193A2 /* encoder.h */,
				14DCF37620BFA4D4007193A2 /* fft.c */,
				14DCF37720BFA4D4007193A2 /* fft.h */,
				14DCF37820BFA4D4007193A2 /* gain_analysis.c */,
				14DCF37920BFA4D4007193A2 /* gain_analysis.h */,
				14DCF37A20BFA4D4007193A2 /* id3tag.c */,
				14DCF37B20BFA4D4007193A2 /* id3tag.h */,
				14DCF37C20BFA4D4007193A2 /* l3side.h */,
				14DCF37D20BFA4D4007193A2 /* lame_global_flags.h */,
				14DCF37E20BFA4D4007193A2 /* lame-analysis.h */,
				14DCF37F20BFA4D4007193A2 /* lame.c */,
				14DCF38020BFA4D4007193A2 /* lame.h */,
				14DCF38120BFA4D4007193A2 /* machine.h */,
				14DCF38220BFA4D4007193A2 /* mpglib_interface.c */,
				14DCF38320BFA4D4007193A2 /* newmdct.c */,
				14DCF38420BFA4D4007193A2 /* newmdct.h */,
				14DCF38520BFA4D4007193A2 /* presets.c */,
				14DCF38620BFA4D4007193A2 /* psymodel.c */,
				14DCF38720BFA4D4007193A2 /* psymodel.h */,
				14DCF38820BFA4D4007193A2 /* quantize_pvt.c */,
				14DCF38920BFA4D4007193A2 /* quantize_pvt.h */,
				14DCF38A20BFA4D4007193A2 /* quantize.c */,
				14DCF38B20BFA4D4007193A2 /* quantize.h */,
				14DCF38C20BFA4D4007193A2 /* reservoir.c */,
				14DCF38D20BFA4D4007193A2 /* reservoir.h */,
				14DCF38E20BFA4D4007193A2 /* set_get.c */,
				14DCF38F20BFA4D4007193A2 /* set_get.h */,
				14DCF39020BFA4D4007193A2 /* tables.c */,
				14DCF39120BFA4D4007193A2 /* tables.h */,
				14DCF39220BFA4D4007193A2 /* takehiro.c */,
				14DCF39320BFA4D4007193A2 /* util.c */,
				14DCF39420BFA4D4007193A2 /* util.h */,
				14DCF39520BFA4D4007193A2 /* vbrquantize.c */,
				14DCF39620BFA4D4007193A2 /* vbrquantize.h */,
				14DCF39720BFA4D4007193A2 /* VbrTag.c */,
				14DCF39820BFA4D4007193A2 /* VbrTag.h */,
				14DCF39920BFA4D4007193A2 /* version.c */,
				14DCF39A20BFA4D4007193A2 /* version.h */,
			);
			name = libmp3lame;
			sourceTree = "<group>";
		};
		15A8A4041834BDA200142BE0 /* Products */ = {
			isa = PBXGroup;
			children = (
				15A8A4171834BDA200142BE0 /* libcocos2d Mac.a */,
				15A8A4251834BDA200142BE0 /* libcocos2d iOS.a */,
				98DF41061F1DF39700E1BF12 /* libcocos2d tvOS.a */,
			);
			name = Products;
			sourceTree = "<group>";
		};
		5023810617EBBCAC00990C9B /* ios */ = {
			isa = PBXGroup;
			children = (
				14DCF3D420BFF1F6007193A2 /* common */,
				521A8E6E19F0C3D200D177D7 /* Default-667h@2x.png */,
				521A8E6F19F0C3D200D177D7 /* Default-736h@3x.png */,
				5023810717EBBCAC00990C9B /* AppController.h */,
				5023810817EBBCAC00990C9B /* AppController.mm */,
				5023810917EBBCAC00990C9B /* Default-568h@2x.png */,
				5023810A17EBBCAC00990C9B /* Default.png */,
				5023810B17EBBCAC00990C9B /* Default@2x.png */,
				5091734A17ECE18300D62437 /* Icons */,
				5023811317EBBCAC00990C9B /* Info.plist */,
				5023811417EBBCAC00990C9B /* main.m */,
				5023811517EBBCAC00990C9B /* Prefix.pch */,
				5023811617EBBCAC00990C9B /* RootViewController.h */,
				5023811717EBBCAC00990C9B /* RootViewController.mm */,
			);
			path = ios;
			sourceTree = "<group>";
		};
		5023817117EBBE3400990C9B /* mac */ = {
			isa = PBXGroup;
			children = (
				9FF504811A5E87B100AFDA55 /* ConsoleWindow.xib */,
				9FF504821A5E87B100AFDA55 /* ConsoleWindowController.h */,
				9FF504831A5E87B100AFDA55 /* ConsoleWindowController.m */,
				5023817217EBBE3400990C9B /* Icon.icns */,
				9FFC07341A4A764100AED399 /* MainMenu.xib */,
				C07828F418B4D72E00BD2287 /* main.m */,
				C07828F618B4D72E00BD2287 /* SimulatorApp.h */,
				C07828F718B4D72E00BD2287 /* SimulatorApp.mm */,
				5023817317EBBE3400990C9B /* Info.plist */,
				5023817517EBBE3400990C9B /* Prefix.pch */,
			);
			path = mac;
			sourceTree = "<group>";
		};
		5091734A17ECE18300D62437 /* Icons */ = {
			isa = PBXGroup;
			children = (
				5091733017ECE17A00D62437 /* Icon-29.png */,
				5091733117ECE17A00D62437 /* Icon-40.png */,
				5091733217ECE17A00D62437 /* Icon-50.png */,
				5091733317ECE17A00D62437 /* Icon-58.png */,
				5091733417ECE17A00D62437 /* Icon-80.png */,
				5091733517ECE17A00D62437 /* Icon-100.png */,
				5023810C17EBBCAC00990C9B /* Icon-114.png */,
				5023810D17EBBCAC00990C9B /* Icon-120.png */,
				5023810E17EBBCAC00990C9B /* Icon-144.png */,
				5023810F17EBBCAC00990C9B /* Icon-152.png */,
				5023811017EBBCAC00990C9B /* Icon-57.png */,
				5023811117EBBCAC00990C9B /* Icon-72.png */,
				5023811217EBBCAC00990C9B /* Icon-76.png */,
			);
			name = Icons;
			sourceTree = "<group>";
		};
		9825259F1F56629400054F71 /* crypt */ = {
			isa = PBXGroup;
			children = (
				982525A21F56629400054F71 /* lsha1.c */,
				982525A31F56629400054F71 /* lua-crypt.c */,
			);
			name = crypt;
			path = ../Classes/crypt;
			sourceTree = "<group>";
		};
		985357F61F28958300B0250C /* md5 */ = {
			isa = PBXGroup;
			children = (
				985357FD1F28958300B0250C /* md5.c */,
				985357FE1F28958300B0250C /* md5.h */,
				985357FF1F28958300B0250C /* md5lib.c */,
			);
			name = md5;
			path = ../Classes/md5;
			sourceTree = "<group>";
		};
		9895E7001F35D771003D2FE3 /* Products */ = {
			isa = PBXGroup;
			children = (
				9895E7041F35D772003D2FE3 /* libpbc iOS.a */,
				989F92881F35E7C70064AC64 /* libpbc Mac.a */,
			);
			name = Products;
			sourceTree = "<group>";
		};
		98DF410A1F1DF3A700E1BF12 /* bit */ = {
			isa = PBXGroup;
			children = (
				98DF410B1F1DF3A700E1BF12 /* bit.c */,
			);
			name = bit;
			path = ../Classes/bit;
			sourceTree = "<group>";
		};
		98DF41171F1DF6BA00E1BF12 /* pbc */ = {
			isa = PBXGroup;
			children = (
				98DF42311F1E0E4D00E1BF12 /* pbc-lua.c */,
				98DF41191F1DF6BA00E1BF12 /* pbc.h */,
			);
			name = pbc;
			path = ../Classes/pbc;
			sourceTree = "<group>";
		};
		9FF504791A5E86D600AFDA55 /* Products */ = {
			isa = PBXGroup;
			children = (
				9FF5047E1A5E86D600AFDA55 /* libsimulator Mac.a */,
				9FF504801A5E86D600AFDA55 /* libsimulator iOS.a */,
			);
			name = Products;
			sourceTree = "<group>";
		};
		C03781AF18BF654500FE4F13 /* Products */ = {
			isa = PBXGroup;
			children = (
				15427CC2198F220600DC375D /* libluacocos2d Mac.a */,
				15427CD2198F220600DC375D /* libluacocos2d iOS.a */,
				98DF41091F1DF39700E1BF12 /* libluacocos2d tvOS.a */,
			);
			name = Products;
			sourceTree = "<group>";
		};
		F293B3BD15EB7BE500256477 = {
			isa = PBXGroup;
			children = (
				9FF504781A5E86D600AFDA55 /* libsimulator.xcodeproj */,
				C03781AE18BF654500FE4F13 /* cocos2d_lua_bindings.xcodeproj */,
				15A8A4031834BDA200142BE0 /* cocos2d_libs.xcodeproj */,
				9895E6FF1F35D771003D2FE3 /* pbc.xcodeproj */,
				5023810617EBBCAC00990C9B /* ios */,
				5023817117EBBE3400990C9B /* mac */,
				F293BB7C15EB830F00256477 /* Classes */,
				F293B3CB15EB7BE500256477 /* Frameworks */,
				F293B3C915EB7BE500256477 /* Products */,
				F293BC4615EB859D00256477 /* Resources */,
			);
			sourceTree = "<group>";
		};
		F293B3C915EB7BE500256477 /* Products */ = {
			isa = PBXGroup;
			children = (
				F293B3C815EB7BE500256477 /* aam2_client-mobile.app */,
				5023816B17EBBCE400990C9B /* aam2_client-desktop.app */,
			);
			name = Products;
			sourceTree = "<group>";
		};
		F293B3CB15EB7BE500256477 /* Frameworks */ = {
			isa = PBXGroup;
			children = (
				294D0D711D0D572600F7F5D4 /* CoreText.framework */,
				9FA3AE4D1BE9BCC900FC9645 /* CFNetwork.framework */,
				ED545A8A1B68A24500C3958E /* libiconv.dylib */,
				ED545A881B68A23E00C3958E /* libiconv.dylib */,
				DA9E7D871AB1ABCC004B27C8 /* Security.framework */,
				5200BEC91A53D9A500AC45E4 /* Security.framework */,
				3EEEDB60197107C0006A9FF8 /* MediaPlayer.framework */,
				15A8A4871834C90E00142BE0 /* libcurl.dylib */,
				D6B061341803AC000077942B /* CoreMotion.framework */,
				50D7C96F17EBBEEC005D0B91 /* IOKit.framework */,
				50D7C96D17EBBEE6005D0B91 /* AppKit.framework */,
				50D7C96B17EBBEDF005D0B91 /* OpenGL.framework */,
				50805AAE17EBBEAA004CFAD3 /* UIKit.framework */,
				5023817917EBBE8300990C9B /* OpenGLES.framework */,
				1AF4C402178663F200122817 /* libz.dylib */,
				15C1568D1683131500D239F2 /* libcurl.a */,
				F293B3CC15EB7BE500256477 /* QuartzCore.framework */,
				F293B3CE15EB7BE500256477 /* OpenGLES.framework */,
				F293B3D015EB7BE500256477 /* OpenAL.framework */,
				F293B3D215EB7BE500256477 /* AudioToolbox.framework */,
				F293B3D415EB7BE500256477 /* AVFoundation.framework */,
				F293B3D615EB7BE500256477 /* UIKit.framework */,
				F293B3D815EB7BE500256477 /* Foundation.framework */,
				F293B3DA15EB7BE500256477 /* CoreGraphics.framework */,
			);
			name = Frameworks;
			sourceTree = "<group>";
		};
		F293BB7C15EB830F00256477 /* Classes */ = {
			isa = PBXGroup;
			children = (
				14DCF2FC20BFA48F007193A2 /* mpglib */,
				14F2B8ED20BF943700DD119C /* libmp3lame */,
				1472BBA11F81404B00FF0B1B /* common */,
				98DF410A1F1DF3A700E1BF12 /* bit */,
				9825259F1F56629400054F71 /* crypt */,
				985357F61F28958300B0250C /* md5 */,
				98DF41171F1DF6BA00E1BF12 /* pbc */,
				15427CE2198F237300DC375D /* lua_module_register.h */,
				98DF410E1F1DF3FC00E1BF12 /* lua_custom_register.h */,
				F293BB7E15EB831F00256477 /* AppDelegate.cpp */,
				F293BB7F15EB831F00256477 /* AppDelegate.h */,
			);
			name = Classes;
			sourceTree = "<group>";
		};
		F293BC4615EB859D00256477 /* Resources */ = {
			isa = PBXGroup;
			children = (
				14EF82D31F83DE5400C25D68 /* package */,
				C05D1C111923449100B808A4 /* config.json */,
				C03781B718BF655400FE4F13 /* res */,
				C03781B818BF655400FE4F13 /* src */,
			);
			name = Resources;
			path = ../Resources;
			sourceTree = "<group>";
		};
/* End PBXGroup section */

/* Begin PBXNativeTarget section */
		5023812617EBBCE400990C9B /* aam2_client-desktop */ = {
			isa = PBXNativeTarget;
			buildConfigurationList = 5023816817EBBCE400990C9B /* Build configuration list for PBXNativeTarget "aam2_client-desktop" */;
			buildPhases = (
				5023813117EBBCE400990C9B /* Sources */,
				5023813617EBBCE400990C9B /* Frameworks */,
				5023814617EBBCE400990C9B /* Resources */,
			);
			buildRules = (
			);
			dependencies = (
				98362FFD1F35E8B4004E8D29 /* PBXTargetDependency */,
				9FEE0E441A5FC95000FEA1B0 /* PBXTargetDependency */,
				9FF505C11A5F0F0900AFDA55 /* PBXTargetDependency */,
				C0A2F04118975FF80072A7AB /* PBXTargetDependency */,
				152A34B9199CE758004B68DC /* PBXTargetDependency */,
			);
			name = "aam2_client-desktop";
			productName = aam2_client;
			productReference = 5023816B17EBBCE400990C9B /* aam2_client-desktop.app */;
			productType = "com.apple.product-type.application";
		};
		F293B3C715EB7BE500256477 /* aam2_client-mobile */ = {
			isa = PBXNativeTarget;
			buildConfigurationList = F293B6C415EB7BEA00256477 /* Build configuration list for PBXNativeTarget "aam2_client-mobile" */;
			buildPhases = (
				F293B3C415EB7BE500256477 /* Sources */,
				F293B3C515EB7BE500256477 /* Frameworks */,
				3EC988201966433500A45E0E /* ShellScript */,
				F293B3C615EB7BE500256477 /* Resources */,
			);
			buildRules = (
			);
			dependencies = (
				9895E7081F35D7E7003D2FE3 /* PBXTargetDependency */,
				9FF504891A5E8B4C00AFDA55 /* PBXTargetDependency */,
				152A349F199CE72E004B68DC /* PBXTargetDependency */,
				15D1F3091994BBCA00302043 /* PBXTargetDependency */,
			);
			name = "aam2_client-mobile";
			productName = aam2_client;
			productReference = F293B3C815EB7BE500256477 /* aam2_client-mobile.app */;
			productType = "com.apple.product-type.application";
		};
/* End PBXNativeTarget section */

/* Begin PBXProject section */
		F293B3BF15EB7BE500256477 /* Project object */ = {
			isa = PBXProject;
			attributes = {
				LastUpgradeCheck = 0500;
			};
			buildConfigurationList = F293B3C215EB7BE500256477 /* Build configuration list for PBXProject "aam2_client" */;
			compatibilityVersion = "Xcode 3.2";
			developmentRegion = English;
			hasScannedForEncodings = 0;
			knownRegions = (
				en,
				Base,
				"zh-Hans",
			);
			mainGroup = F293B3BD15EB7BE500256477;
			productRefGroup = F293B3C915EB7BE500256477 /* Products */;
			projectDirPath = "";
			projectReferences = (
				{
					ProductGroup = 15A8A4041834BDA200142BE0 /* Products */;
					ProjectRef = 15A8A4031834BDA200142BE0 /* cocos2d_libs.xcodeproj */;
				},
				{
					ProductGroup = C03781AF18BF654500FE4F13 /* Products */;
					ProjectRef = C03781AE18BF654500FE4F13 /* cocos2d_lua_bindings.xcodeproj */;
				},
				{
					ProductGroup = 9FF504791A5E86D600AFDA55 /* Products */;
					ProjectRef = 9FF504781A5E86D600AFDA55 /* libsimulator.xcodeproj */;
				},
				{
					ProductGroup = 9895E7001F35D771003D2FE3 /* Products */;
					ProjectRef = 9895E6FF1F35D771003D2FE3 /* pbc.xcodeproj */;
				},
			);
			projectRoot = "";
			targets = (
				F293B3C715EB7BE500256477 /* aam2_client-mobile */,
				5023812617EBBCE400990C9B /* aam2_client-desktop */,
			);
		};
/* End PBXProject section */

/* Begin PBXReferenceProxy section */
		15427CC2198F220600DC375D /* libluacocos2d Mac.a */ = {
			isa = PBXReferenceProxy;
			fileType = archive.ar;
			path = "libluacocos2d Mac.a";
			remoteRef = 15427CC1198F220600DC375D /* PBXContainerItemProxy */;
			sourceTree = BUILT_PRODUCTS_DIR;
		};
		15427CD2198F220600DC375D /* libluacocos2d iOS.a */ = {
			isa = PBXReferenceProxy;
			fileType = archive.ar;
			path = "libluacocos2d iOS.a";
			remoteRef = 15427CD1198F220600DC375D /* PBXContainerItemProxy */;
			sourceTree = BUILT_PRODUCTS_DIR;
		};
		15A8A4171834BDA200142BE0 /* libcocos2d Mac.a */ = {
			isa = PBXReferenceProxy;
			fileType = archive.ar;
			path = "libcocos2d Mac.a";
			remoteRef = 15A8A4161834BDA200142BE0 /* PBXContainerItemProxy */;
			sourceTree = BUILT_PRODUCTS_DIR;
		};
		15A8A4251834BDA200142BE0 /* libcocos2d iOS.a */ = {
			isa = PBXReferenceProxy;
			fileType = archive.ar;
			path = "libcocos2d iOS.a";
			remoteRef = 15A8A4241834BDA200142BE0 /* PBXContainerItemProxy */;
			sourceTree = BUILT_PRODUCTS_DIR;
		};
		9895E7041F35D772003D2FE3 /* libpbc iOS.a */ = {
			isa = PBXReferenceProxy;
			fileType = archive.ar;
			path = "libpbc iOS.a";
			remoteRef = 9895E7031F35D772003D2FE3 /* PBXContainerItemProxy */;
			sourceTree = BUILT_PRODUCTS_DIR;
		};
		989F92881F35E7C70064AC64 /* libpbc Mac.a */ = {
			isa = PBXReferenceProxy;
			fileType = archive.ar;
			path = "libpbc Mac.a";
			remoteRef = 989F92871F35E7C70064AC64 /* PBXContainerItemProxy */;
			sourceTree = BUILT_PRODUCTS_DIR;
		};
		98DF41061F1DF39700E1BF12 /* libcocos2d tvOS.a */ = {
			isa = PBXReferenceProxy;
			fileType = archive.ar;
			path = "libcocos2d tvOS.a";
			remoteRef = 98DF41051F1DF39700E1BF12 /* PBXContainerItemProxy */;
			sourceTree = BUILT_PRODUCTS_DIR;
		};
		98DF41091F1DF39700E1BF12 /* libluacocos2d tvOS.a */ = {
			isa = PBXReferenceProxy;
			fileType = archive.ar;
			path = "libluacocos2d tvOS.a";
			remoteRef = 98DF41081F1DF39700E1BF12 /* PBXContainerItemProxy */;
			sourceTree = BUILT_PRODUCTS_DIR;
		};
		9FF5047E1A5E86D600AFDA55 /* libsimulator Mac.a */ = {
			isa = PBXReferenceProxy;
			fileType = archive.ar;
			path = "libsimulator Mac.a";
			remoteRef = 9FF5047D1A5E86D600AFDA55 /* PBXContainerItemProxy */;
			sourceTree = BUILT_PRODUCTS_DIR;
		};
		9FF504801A5E86D600AFDA55 /* libsimulator iOS.a */ = {
			isa = PBXReferenceProxy;
			fileType = archive.ar;
			path = "libsimulator iOS.a";
			remoteRef = 9FF5047F1A5E86D600AFDA55 /* PBXContainerItemProxy */;
			sourceTree = BUILT_PRODUCTS_DIR;
		};
/* End PBXReferenceProxy section */

/* Begin PBXResourcesBuildPhase section */
		5023814617EBBCE400990C9B /* Resources */ = {
			isa = PBXResourcesBuildPhase;
			buildActionMask = 2147483647;
			files = (
				C03781BA18BF655400FE4F13 /* res in Resources */,
				C03781BC18BF655400FE4F13 /* src in Resources */,
				9FF504841A5E87B100AFDA55 /* ConsoleWindow.xib in Resources */,
				5023817617EBBE3400990C9B /* Icon.icns in Resources */,
				9FFC07361A4A764100AED399 /* MainMenu.xib in Resources */,
				C05D1C131923449100B808A4 /* config.json in Resources */,
			);
			runOnlyForDeploymentPostprocessing = 0;
		};
		F293B3C615EB7BE500256477 /* Resources */ = {
			isa = PBXResourcesBuildPhase;
			buildActionMask = 2147483647;
			files = (
				14EF82D41F83DE5400C25D68 /* package in Resources */,
				15A8A4491834C64F00142BE0 /* Icon-114.png in Resources */,
				5023811D17EBBCAC00990C9B /* Icon-120.png in Resources */,
				5091733B17ECE17A00D62437 /* Icon-100.png in Resources */,
				5023811B17EBBCAC00990C9B /* Default@2x.png in Resources */,
				5091733617ECE17A00D62437 /* Icon-29.png in Resources */,
				5023811917EBBCAC00990C9B /* Default-568h@2x.png in Resources */,
				5091733917ECE17A00D62437 /* Icon-58.png in Resources */,
				5023811F17EBBCAC00990C9B /* Icon-152.png in Resources */,
				5023812017EBBCAC00990C9B /* Icon-57.png in Resources */,
				521A8E7019F0C3D200D177D7 /* Default-667h@2x.png in Resources */,
				5023812217EBBCAC00990C9B /* Icon-76.png in Resources */,
				5091733A17ECE17A00D62437 /* Icon-80.png in Resources */,
				5091733717ECE17A00D62437 /* Icon-40.png in Resources */,
				5023811E17EBBCAC00990C9B /* Icon-144.png in Resources */,
				5023811A17EBBCAC00990C9B /* Default.png in Resources */,
				5091733817ECE17A00D62437 /* Icon-50.png in Resources */,
				5023812117EBBCAC00990C9B /* Icon-72.png in Resources */,
				C05D1C121923449100B808A4 /* config.json in Resources */,
				521A8E7119F0C3D200D177D7 /* Default-736h@3x.png in Resources */,
			);
			runOnlyForDeploymentPostprocessing = 0;
		};
/* End PBXResourcesBuildPhase section */

/* Begin PBXShellScriptBuildPhase section */
		3EC988201966433500A45E0E /* ShellScript */ = {
			isa = PBXShellScriptBuildPhase;
			buildActionMask = 2147483647;
			files = (
			);
			inputPaths = (
			);
			outputPaths = (
			);
			runOnlyForDeploymentPostprocessing = 0;
			shellPath = /bin/sh;
			shellScript = "cd ${SRCROOT}/../../../";
		};
/* End PBXShellScriptBuildPhase section */

/* Begin PBXSourcesBuildPhase section */
		5023813117EBBCE400990C9B /* Sources */ = {
			isa = PBXSourcesBuildPhase;
			buildActionMask = 2147483647;
			files = (
				14DCF3C220BFA4D4007193A2 /* version.c in Sources */,
				14DCF3A620BFA4D4007193A2 /* lame.c in Sources */,
				14DCF3BE20BFA4D4007193A2 /* vbrquantize.c in Sources */,
				14DCF31C20BFA49F007193A2 /* layer2.c in Sources */,
				14DCF3A020BFA4D4007193A2 /* fft.c in Sources */,
				14DCF31820BFA49F007193A2 /* interface.c in Sources */,
				C07828FA18B4D72E00BD2287 /* SimulatorApp.mm in Sources */,
				985358091F28958300B0250C /* md5lib.c in Sources */,
				14DCF3B820BFA4D4007193A2 /* tables.c in Sources */,
				985358071F28958300B0250C /* md5.c in Sources */,
				14DCF3C020BFA4D4007193A2 /* VbrTag.c in Sources */,
				14DCF3C720BFA66F007193A2 /* xmm_quantize_sub.c in Sources */,
				5023813317EBBCE400990C9B /* AppDelegate.cpp in Sources */,
				14DCF3BC20BFA4D4007193A2 /* util.c in Sources */,
				9FF504851A5E87B100AFDA55 /* ConsoleWindowController.m in Sources */,
				14DCF3BA20BFA4D4007193A2 /* takehiro.c in Sources */,
				1472BBB61F8223AC00FF0B1B /* JSONManager.cpp in Sources */,
				C07828F818B4D72E00BD2287 /* main.m in Sources */,
				14DCF3A220BFA4D4007193A2 /* gain_analysis.c in Sources */,
				14DCF3B220BFA4D4007193A2 /* quantize.c in Sources */,
				14DCF31620BFA49F007193A2 /* decode_i386.c in Sources */,
				143D8CC320C5517F0056D908 /* PlatformSDK.cpp in Sources */,
				14DCF39C20BFA4D4007193A2 /* bitstream.c in Sources */,
				1472BBBA1F8223C400FF0B1B /* Utils.cpp in Sources */,
				14DCF31420BFA49F007193A2 /* dct64_i386.c in Sources */,
				14DCF31220BFA49F007193A2 /* common.c in Sources */,
				14DCF39E20BFA4D4007193A2 /* encoder.c in Sources */,
				14DCF32020BFA4A0007193A2 /* tabinit.c in Sources */,
				98DF42331F1E0E4D00E1BF12 /* pbc-lua.c in Sources */,
				14DCF3B420BFA4D4007193A2 /* reservoir.c in Sources */,
				14DCF3AE20BFA4D4007193A2 /* psymodel.c in Sources */,
				14DCF31A20BFA49F007193A2 /* layer1.c in Sources */,
				14DCF3AC20BFA4D4007193A2 /* presets.c in Sources */,
				14DCF3B620BFA4D4007193A2 /* set_get.c in Sources */,
				982525AC1F56629400054F71 /* lua-crypt.c in Sources */,
				14DCF3A420BFA4D4007193A2 /* id3tag.c in Sources */,
				982525AA1F56629400054F71 /* lsha1.c in Sources */,
				14DCF3AA20BFA4D4007193A2 /* newmdct.c in Sources */,
				14DCF3A820BFA4D4007193A2 /* mpglib_interface.c in Sources */,
				98DF410D1F1DF3A700E1BF12 /* bit.c in Sources */,
				14DCF31E20BFA49F007193A2 /* layer3.c in Sources */,
				14DCF3B020BFA4D4007193A2 /* quantize_pvt.c in Sources */,
			);
			runOnlyForDeploymentPostprocessing = 0;
		};
		F293B3C415EB7BE500256477 /* Sources */ = {
			isa = PBXSourcesBuildPhase;
			buildActionMask = 2147483647;
			files = (
				14DCF3DB20BFF264007193A2 /* Audio.mm in Sources */,
				14DCF3C120BFA4D4007193A2 /* version.c in Sources */,
				14DCF3A520BFA4D4007193A2 /* lame.c in Sources */,
				14DCF3BD20BFA4D4007193A2 /* vbrquantize.c in Sources */,
				14DCF31B20BFA49F007193A2 /* layer2.c in Sources */,
				14DCF39F20BFA4D4007193A2 /* fft.c in Sources */,
				14DCF31720BFA49F007193A2 /* interface.c in Sources */,
				143D8CC220C5517F0056D908 /* PlatformSDK.cpp in Sources */,
				5023812517EBBCAC00990C9B /* RootViewController.mm in Sources */,
				985358081F28958300B0250C /* md5lib.c in Sources */,
				14DCF3B720BFA4D4007193A2 /* tables.c in Sources */,
				985358061F28958300B0250C /* md5.c in Sources */,
				14DCF3BF20BFA4D4007193A2 /* VbrTag.c in Sources */,
				14DCF3C620BFA66F007193A2 /* xmm_quantize_sub.c in Sources */,
				F293BB9C15EB831F00256477 /* AppDelegate.cpp in Sources */,
				14DCF3BB20BFA4D4007193A2 /* util.c in Sources */,
				5023812417EBBCAC00990C9B /* main.m in Sources */,
				14DCF3B920BFA4D4007193A2 /* takehiro.c in Sources */,
				1472BBB51F8223AC00FF0B1B /* JSONManager.cpp in Sources */,
				5023811817EBBCAC00990C9B /* AppController.mm in Sources */,
				14DCF3A120BFA4D4007193A2 /* gain_analysis.c in Sources */,
				14DCF3B120BFA4D4007193A2 /* quantize.c in Sources */,
				14DCF31520BFA49F007193A2 /* decode_i386.c in Sources */,
				14DCF39B20BFA4D4007193A2 /* bitstream.c in Sources */,
				1472BBB91F8223C400FF0B1B /* Utils.cpp in Sources */,
				14DCF31320BFA49F007193A2 /* dct64_i386.c in Sources */,
				14DCF31120BFA49F007193A2 /* common.c in Sources */,
				14DCF39D20BFA4D4007193A2 /* encoder.c in Sources */,
				14DCF31F20BFA4A0007193A2 /* tabinit.c in Sources */,
				98DF42321F1E0E4D00E1BF12 /* pbc-lua.c in Sources */,
				14DCF3B320BFA4D4007193A2 /* reservoir.c in Sources */,
				14DCF3AD20BFA4D4007193A2 /* psymodel.c in Sources */,
				14DCF31920BFA49F007193A2 /* layer1.c in Sources */,
				14DCF3AB20BFA4D4007193A2 /* presets.c in Sources */,
				14DCF3B520BFA4D4007193A2 /* set_get.c in Sources */,
				982525AB1F56629400054F71 /* lua-crypt.c in Sources */,
				14DCF3A320BFA4D4007193A2 /* id3tag.c in Sources */,
				982525A91F56629400054F71 /* lsha1.c in Sources */,
				14DCF3A920BFA4D4007193A2 /* newmdct.c in Sources */,
				14DCF3A720BFA4D4007193A2 /* mpglib_interface.c in Sources */,
				98DF410C1F1DF3A700E1BF12 /* bit.c in Sources */,
				14DCF31D20BFA49F007193A2 /* layer3.c in Sources */,
				14DCF3AF20BFA4D4007193A2 /* quantize_pvt.c in Sources */,
			);
			runOnlyForDeploymentPostprocessing = 0;
		};
/* End PBXSourcesBuildPhase section */

/* Begin PBXTargetDependency section */
		152A349F199CE72E004B68DC /* PBXTargetDependency */ = {
			isa = PBXTargetDependency;
			name = "libluacocos2d iOS";
			targetProxy = 152A349E199CE72E004B68DC /* PBXContainerItemProxy */;
		};
		152A34B9199CE758004B68DC /* PBXTargetDependency */ = {
			isa = PBXTargetDependency;
			name = "libluacocos2d Mac";
			targetProxy = 152A34B8199CE758004B68DC /* PBXContainerItemProxy */;
		};
		15D1F3091994BBCA00302043 /* PBXTargetDependency */ = {
			isa = PBXTargetDependency;
			name = "libcocos2d iOS";
			targetProxy = 15D1F3081994BBCA00302043 /* PBXContainerItemProxy */;
		};
		98362FFD1F35E8B4004E8D29 /* PBXTargetDependency */ = {
			isa = PBXTargetDependency;
			name = "pbc Mac";
			targetProxy = 98362FFC1F35E8B4004E8D29 /* PBXContainerItemProxy */;
		};
		9895E7081F35D7E7003D2FE3 /* PBXTargetDependency */ = {
			isa = PBXTargetDependency;
			name = pbc;
			targetProxy = 9895E7071F35D7E7003D2FE3 /* PBXContainerItemProxy */;
		};
		9FEE0E441A5FC95000FEA1B0 /* PBXTargetDependency */ = {
			isa = PBXTargetDependency;
			name = libsimulator;
			targetProxy = 9FEE0E431A5FC95000FEA1B0 /* PBXContainerItemProxy */;
		};
		9FF504891A5E8B4C00AFDA55 /* PBXTargetDependency */ = {
			isa = PBXTargetDependency;
			name = libsimulator_iOS;
			targetProxy = 9FF504881A5E8B4C00AFDA55 /* PBXContainerItemProxy */;
		};
		9FF505C11A5F0F0900AFDA55 /* PBXTargetDependency */ = {
			isa = PBXTargetDependency;
			name = libsimulator;
		};
		C0A2F04118975FF80072A7AB /* PBXTargetDependency */ = {
			isa = PBXTargetDependency;
			name = "cocos2dx Mac";
			targetProxy = C0A2F04018975FF80072A7AB /* PBXContainerItemProxy */;
		};
/* End PBXTargetDependency section */

/* Begin PBXVariantGroup section */
		9FFC07341A4A764100AED399 /* MainMenu.xib */ = {
			isa = PBXVariantGroup;
			children = (
				9FFC07351A4A764100AED399 /* Base */,
				9FFC07371A4A765100AED399 /* zh-Hans */,
			);
			name = MainMenu.xib;
			sourceTree = "<group>";
		};
/* End PBXVariantGroup section */

/* Begin XCBuildConfiguration section */
		5023816917EBBCE400990C9B /* Debug */ = {
			isa = XCBuildConfiguration;
			buildSettings = {
				ALWAYS_SEARCH_USER_PATHS = YES;
				ARCHS = "$(ARCHS_STANDARD_64_BIT)";
				COMBINE_HIDPI_IMAGES = YES;
				CONFIGURATION_BUILD_DIR = ../../../runtime/mac;
				GCC_DYNAMIC_NO_PIC = NO;
				GCC_PRECOMPILE_PREFIX_HEADER = YES;
				GCC_PREFIX_HEADER = mac/Prefix.pch;
				GCC_PREPROCESSOR_DEFINITIONS = (
					GLFW_EXPOSE_NATIVE_COCOA,
					GLFW_EXPOSE_NATIVE_NSGL,
					"$(inherited)",
				);
				HEADER_SEARCH_PATHS = (
					"$(SRCROOT)/../Classes/protobuf-lite",
					"$(SRCROOT)/../Classes",
					"$(SRCROOT)/../../cocos2d-x/tools/simulator/libsimulator/lib",
				);
				INFOPLIST_FILE = mac/Info.plist;
				LIBRARY_SEARCH_PATHS = "";
				MACOSX_DEPLOYMENT_TARGET = 10.8;
				OTHER_LDFLAGS = (
					"-image_base",
					100000000,
					"-pagezero_size",
					10000,
					"$(_COCOS_LIB_MAC_BEGIN)",
					"$(_COCOS_LIB_MAC_END)",
				);
				SDKROOT = macosx;
				USER_HEADER_SEARCH_PATHS = "$(inherited) $(SRCROOT)/../../cocos2d-x/external/glfw3/include/mac $(_COCOS_HEADER_MAC_BEGIN) $(_COCOS_HEADER_MAC_END)";
			};
			name = Debug;
		};
		5023816A17EBBCE400990C9B /* Release */ = {
			isa = XCBuildConfiguration;
			buildSettings = {
				ALWAYS_SEARCH_USER_PATHS = YES;
				ARCHS = "$(ARCHS_STANDARD_64_BIT)";
				COMBINE_HIDPI_IMAGES = YES;
				GCC_PRECOMPILE_PREFIX_HEADER = YES;
				GCC_PREFIX_HEADER = mac/Prefix.pch;
				GCC_PREPROCESSOR_DEFINITIONS = (
					GLFW_EXPOSE_NATIVE_COCOA,
					GLFW_EXPOSE_NATIVE_NSGL,
					"$(inherited)",
				);
				HEADER_SEARCH_PATHS = (
					"$(SRCROOT)/../Classes/protobuf-lite",
					"$(SRCROOT)/../Classes",
					"$(SRCROOT)/../../cocos2d-x/tools/simulator/libsimulator/lib",
				);
				INFOPLIST_FILE = mac/Info.plist;
				LIBRARY_SEARCH_PATHS = "";
				MACOSX_DEPLOYMENT_TARGET = 10.8;
				OTHER_LDFLAGS = (
					"-image_base",
					100000000,
					"-pagezero_size",
					10000,
					"$(_COCOS_LIB_MAC_BEGIN)",
					"$(_COCOS_LIB_MAC_END)",
				);
				SDKROOT = macosx;
				USER_HEADER_SEARCH_PATHS = "$(inherited) $(SRCROOT)/../../cocos2d-x/external/glfw3/include/mac $(_COCOS_HEADER_MAC_BEGIN) $(_COCOS_HEADER_MAC_END)";
			};
			name = Release;
		};
		F293B6C215EB7BEA00256477 /* Debug */ = {
			isa = XCBuildConfiguration;
			buildSettings = {
				CLANG_CXX_LANGUAGE_STANDARD = "c++0x";
				CLANG_CXX_LIBRARY = "libc++";
				COPY_PHASE_STRIP = NO;
				GCC_C_LANGUAGE_STANDARD = c99;
				GCC_OPTIMIZATION_LEVEL = 0;
				GCC_PREPROCESSOR_DEFINITIONS = (
					DEBUG,
					"COCOS2D_DEBUG=1",
					USE_FILE32API,
					"CC_LUA_ENGINE_ENABLED=1",
					"CC_ENABLE_CHIPMUNK_INTEGRATION=1",
					GLFW_EXPOSE_NATIVE_COCOA,
				);
				GCC_SYMBOLS_PRIVATE_EXTERN = NO;
				GCC_WARN_ABOUT_RETURN_TYPE = YES;
				GCC_WARN_UNUSED_VARIABLE = YES;
				HEADER_SEARCH_PATHS = "";
				IPHONEOS_DEPLOYMENT_TARGET = 6.0;
				ONLY_ACTIVE_ARCH = YES;
				PRODUCT_NAME = "$(TARGET_NAME)";
				USER_HEADER_SEARCH_PATHS = "$(SRCROOT)/../../cocos2d-x $(SRCROOT)/../../cocos2d-x/cocos/audio/include $(SRCROOT)/../../cocos2d-x/cocos $(SRCROOT)/../../cocos2d-x/extensions $(SRCROOT)/../../cocos2d-x/external $(SRCROOT)/../../cocos2d-x/external/chipmunk/include/chipmunk $(SRCROOT)/../../cocos2d-x/external/lua/lua $(SRCROOT)/../../cocos2d-x/external/lua/tolua $(SRCROOT)/../../cocos2d-x/tools/simulator/libsimulator/lib $(SRCROOT)/../../cocos2d-x/tools/simulator/libsimulator/lib/protobuf-lite $(SRCROOT)/../../cocos2d-x/cocos/editor-support";
			};
			name = Debug;
		};
		F293B6C315EB7BEA00256477 /* Release */ = {
			isa = XCBuildConfiguration;
			buildSettings = {
				CLANG_CXX_LANGUAGE_STANDARD = "c++0x";
				CLANG_CXX_LIBRARY = "libc++";
				GCC_C_LANGUAGE_STANDARD = c99;
				GCC_PREPROCESSOR_DEFINITIONS = (
					NDEBUG,
					USE_FILE32API,
					"CC_LUA_ENGINE_ENABLED=1",
					"CC_ENABLE_CHIPMUNK_INTEGRATION=1",
				);
				GCC_WARN_ABOUT_RETURN_TYPE = YES;
				GCC_WARN_UNUSED_VARIABLE = YES;
				HEADER_SEARCH_PATHS = "";
				IPHONEOS_DEPLOYMENT_TARGET = 6.0;
				OTHER_CFLAGS = "-DNS_BLOCK_ASSERTIONS=1";
				PRODUCT_NAME = "$(TARGET_NAME)";
				USER_HEADER_SEARCH_PATHS = "$(SRCROOT)/../../cocos2d-x $(SRCROOT)/../../cocos2d-x/cocos/audio/include $(SRCROOT)/../../cocos2d-x/cocos $(SRCROOT)/../../cocos2d-x/extensions $(SRCROOT)/../../cocos2d-x/external $(SRCROOT)/../../cocos2d-x/external/chipmunk/include/chipmunk $(SRCROOT)/../../cocos2d-x/external/lua/lua $(SRCROOT)/../../cocos2d-x/external/lua/tolua $(SRCROOT)/../../cocos2d-x/tools/simulator/libsimulator/lib $(SRCROOT)/../../cocos2d-x/tools/simulator/libsimulator/lib/protobuf-lite $(SRCROOT)/../../cocos2d-x/cocos/editor-support";
				VALIDATE_PRODUCT = YES;
			};
			name = Release;
		};
		F293B6C515EB7BEA00256477 /* Debug */ = {
			isa = XCBuildConfiguration;
			buildSettings = {
				ALWAYS_SEARCH_USER_PATHS = YES;
				CODE_SIGN_IDENTITY = "iPhone Developer";
				COMPRESS_PNG_FILES = NO;
				DEVELOPMENT_TEAM = "";
				ENABLE_BITCODE = NO;
				GCC_DYNAMIC_NO_PIC = NO;
				GCC_PRECOMPILE_PREFIX_HEADER = YES;
				GCC_PREFIX_HEADER = ios/Prefix.pch;
				GCC_PREPROCESSOR_DEFINITIONS = "$(inherited)";
				HEADER_SEARCH_PATHS = (
					"$(SRCROOT)/../Classes/protobuf-lite",
					"$(SRCROOT)/../Classes",
					"$(SRCROOT)/../../cocos2d-x/tools/simulator/libsimulator/lib",
				);
				INFOPLIST_FILE = ios/Info.plist;
				IPHONEOS_DEPLOYMENT_TARGET = 6.0;
				LIBRARY_SEARCH_PATHS = "";
				OTHER_LDFLAGS = (
					"$(_COCOS_LIB_IOS_BEGIN)",
					"$(_COCOS_LIB_IOS_END)",
				);
				"OTHER_LDFLAGS[sdk=iphonesimulator*][arch=x86_64]" = (
					"$(_COCOS_LIB_IOS_BEGIN)",
					"$(_COCOS_LIB_IOS_END)",
					"-pagezero_size",
					10000,
					"-image_base",
					100000000,
				);
				SDKROOT = iphoneos;
				STRIP_PNG_TEXT = NO;
				TARGETED_DEVICE_FAMILY = "1,2";
				USER_HEADER_SEARCH_PATHS = "$(inherited) $(_COCOS_HEADER_IOS_BEGIN) $(_COCOS_HEADER_IOS_END)";
				VALID_ARCHS = "arm64 armv7";
			};
			name = Debug;
		};
		F293B6C615EB7BEA00256477 /* Release */ = {
			isa = XCBuildConfiguration;
			buildSettings = {
				ALWAYS_SEARCH_USER_PATHS = YES;
				CODE_SIGN_IDENTITY = "iPhone Developer";
				COMPRESS_PNG_FILES = NO;
				DEVELOPMENT_TEAM = "";
				ENABLE_BITCODE = NO;
				GCC_PRECOMPILE_PREFIX_HEADER = YES;
				GCC_PREFIX_HEADER = ios/Prefix.pch;
				GCC_PREPROCESSOR_DEFINITIONS = "$(inherited)";
				HEADER_SEARCH_PATHS = (
					"$(SRCROOT)/../Classes/protobuf-lite",
					"$(SRCROOT)/../Classes",
					"$(SRCROOT)/../../cocos2d-x/tools/simulator/libsimulator/lib",
				);
				INFOPLIST_FILE = ios/Info.plist;
				IPHONEOS_DEPLOYMENT_TARGET = 6.0;
				LIBRARY_SEARCH_PATHS = "";
				OTHER_LDFLAGS = (
					"$(_COCOS_LIB_IOS_BEGIN)",
					"$(_COCOS_LIB_IOS_END)",
				);
				"OTHER_LDFLAGS[sdk=iphonesimulator*][arch=x86_64]" = (
					"$(_COCOS_LIB_IOS_BEGIN)",
					"$(_COCOS_LIB_IOS_END)",
					"-pagezero_size",
					10000,
					"-image_base",
					100000000,
				);
				SDKROOT = iphoneos;
				STRIP_PNG_TEXT = NO;
				TARGETED_DEVICE_FAMILY = "1,2";
				USER_HEADER_SEARCH_PATHS = "$(inherited) $(_COCOS_HEADER_IOS_BEGIN) $(_COCOS_HEADER_IOS_END)";
				VALID_ARCHS = "arm64 armv7";
			};
			name = Release;
		};
/* End XCBuildConfiguration section */

/* Begin XCConfigurationList section */
		5023816817EBBCE400990C9B /* Build configuration list for PBXNativeTarget "aam2_client-desktop" */ = {
			isa = XCConfigurationList;
			buildConfigurations = (
				5023816917EBBCE400990C9B /* Debug */,
				5023816A17EBBCE400990C9B /* Release */,
			);
			defaultConfigurationIsVisible = 0;
			defaultConfigurationName = Release;
		};
		F293B3C215EB7BE500256477 /* Build configuration list for PBXProject "aam2_client" */ = {
			isa = XCConfigurationList;
			buildConfigurations = (
				F293B6C215EB7BEA00256477 /* Debug */,
				F293B6C315EB7BEA00256477 /* Release */,
			);
			defaultConfigurationIsVisible = 0;
			defaultConfigurationName = Release;
		};
		F293B6C415EB7BEA00256477 /* Build configuration list for PBXNativeTarget "aam2_client-mobile" */ = {
			isa = XCConfigurationList;
			buildConfigurations = (
				F293B6C515EB7BEA00256477 /* Debug */,
				F293B6C615EB7BEA00256477 /* Release */,
			);
			defaultConfigurationIsVisible = 0;
			defaultConfigurationName = Release;
		};
/* End XCConfigurationList section */
	};
	rootObject = F293B3BF15EB7BE500256477 /* Project object */;
}
